// !$*UTF8*$!
{
	archiveVersion = 1;
	classes = {
	};
	objectVersion = 55;
	objects = {

/* Begin PBXBuildFile section */
		71ACF5FFFCE928AB6906AFF5 /* Pods_grocer_store_grocer_storeUITests.framework in Frameworks */ = {isa = PBXBuildFile; fileRef = 87D90A21A0BDBEC89CA6A20C /* Pods_grocer_store_grocer_storeUITests.framework */; };
		A3F77C802D9E1DD334100814 /* Pods_grocer_store.framework in Frameworks */ = {isa = PBXBuildFile; fileRef = 23C4B51B50DBD0F2F568D6CA /* Pods_grocer_store.framework */; };
		CE0C18E329A1CF9F00B4D582 /* CoreDataStack.swift in Sources */ = {isa = PBXBuildFile; fileRef = CE0C18E229A1CF9F00B4D582 /* CoreDataStack.swift */; };
		CE0C18E429A229E300B4D582 /* CoreDataStack.swift in Sources */ = {isa = PBXBuildFile; fileRef = CE0C18E229A1CF9F00B4D582 /* CoreDataStack.swift */; };
		CE0C18E629A22A7F00B4D582 /* grocer_storeTestCoreDataStack.swift in Sources */ = {isa = PBXBuildFile; fileRef = CE0C18E529A22A7F00B4D582 /* grocer_storeTestCoreDataStack.swift */; };
		CE0C18E729A22B9A00B4D582 /* StoreResponse.swift in Sources */ = {isa = PBXBuildFile; fileRef = CE686D48299CC0A30067EDFF /* StoreResponse.swift */; };
		CE0C18E829A22B9D00B4D582 /* StoreData.swift in Sources */ = {isa = PBXBuildFile; fileRef = CE686D47299CC0A30067EDFF /* StoreData.swift */; };
		CE0C18E929A22B9F00B4D582 /* Item.swift in Sources */ = {isa = PBXBuildFile; fileRef = CE686D46299CC0A30067EDFF /* Item.swift */; };
		CE0C18EA29A22CE400B4D582 /* StoreDataModel.xcdatamodeld in Sources */ = {isa = PBXBuildFile; fileRef = CE3F836B299F4B4D004FCDFD /* StoreDataModel.xcdatamodeld */; };
		CE0C18EB29A22FEF00B4D582 /* DataWrapper.swift in Sources */ = {isa = PBXBuildFile; fileRef = CE686D42299CC0A30067EDFF /* DataWrapper.swift */; };
		CE0C18EC29A22FF300B4D582 /* AppUtilities.swift in Sources */ = {isa = PBXBuildFile; fileRef = CE2D820C299D367A006B648C /* AppUtilities.swift */; };
		CE2D81FD299CF895006B648C /* ProductListingTableView.swift in Sources */ = {isa = PBXBuildFile; fileRef = CE2D81FC299CF895006B648C /* ProductListingTableView.swift */; };
		CE2D8201299CFA62006B648C /* ProductListingCollectionView.swift in Sources */ = {isa = PBXBuildFile; fileRef = CE2D8200299CFA62006B648C /* ProductListingCollectionView.swift */; };
		CE2D8208299D17D8006B648C /* LoaderView.swift in Sources */ = {isa = PBXBuildFile; fileRef = CE2D8207299D17D8006B648C /* LoaderView.swift */; };
		CE2D820A299D3167006B648C /* ProductTableViewCell.swift in Sources */ = {isa = PBXBuildFile; fileRef = CE2D8209299D3167006B648C /* ProductTableViewCell.swift */; };
		CE2D820D299D367A006B648C /* AppUtilities.swift in Sources */ = {isa = PBXBuildFile; fileRef = CE2D820C299D367A006B648C /* AppUtilities.swift */; };
		CE3ED12029A7079E0053228E /* grocer_storeSearchUITests.swift in Sources */ = {isa = PBXBuildFile; fileRef = CE3ED11F29A7079E0053228E /* grocer_storeSearchUITests.swift */; };
		CE3ED12229A7324D0053228E /* AppViewController.swift in Sources */ = {isa = PBXBuildFile; fileRef = CE3ED12129A7324D0053228E /* AppViewController.swift */; };
		CE3ED12429A733910053228E /* AppPageViewController.swift in Sources */ = {isa = PBXBuildFile; fileRef = CE3ED12329A733910053228E /* AppPageViewController.swift */; };
		CE3ED12729A7473D0053228E /* ComingSoonViewController.swift in Sources */ = {isa = PBXBuildFile; fileRef = CE3ED12629A7473D0053228E /* ComingSoonViewController.swift */; };
		CE3F8326299DD1BF004FCDFD /* ProductCollectionViewCell.swift in Sources */ = {isa = PBXBuildFile; fileRef = CE3F8325299DD1BF004FCDFD /* ProductCollectionViewCell.swift */; };
		CE3F8328299DF9AA004FCDFD /* AppHeaderViewController.swift in Sources */ = {isa = PBXBuildFile; fileRef = CE3F8327299DF9AA004FCDFD /* AppHeaderViewController.swift */; };
		CE3F836D299F4B4D004FCDFD /* StoreDataModel.xcdatamodeld in Sources */ = {isa = PBXBuildFile; fileRef = CE3F836B299F4B4D004FCDFD /* StoreDataModel.xcdatamodeld */; };
		CE3F836F299F4DD0004FCDFD /* CoreDataHelper.swift in Sources */ = {isa = PBXBuildFile; fileRef = CE3F836E299F4DD0004FCDFD /* CoreDataHelper.swift */; };
		CE3F8371299F78C6004FCDFD /* DataRepository.swift in Sources */ = {isa = PBXBuildFile; fileRef = CE3F8370299F78C6004FCDFD /* DataRepository.swift */; };
		CE5C92BA29A09E4500AB3B9D /* TestCoreDataStack.swift in Sources */ = {isa = PBXBuildFile; fileRef = CE5C92B929A09E4500AB3B9D /* TestCoreDataStack.swift */; };
		CE5C92BB29A09EB900AB3B9D /* CoreDataHelper.swift in Sources */ = {isa = PBXBuildFile; fileRef = CE3F836E299F4DD0004FCDFD /* CoreDataHelper.swift */; };
		CE686D49299CC0A30067EDFF /* NetworkClient.swift in Sources */ = {isa = PBXBuildFile; fileRef = CE686D41299CC0A30067EDFF /* NetworkClient.swift */; };
		CE686D4A299CC0A30067EDFF /* DataWrapper.swift in Sources */ = {isa = PBXBuildFile; fileRef = CE686D42299CC0A30067EDFF /* DataWrapper.swift */; };
		CE686D4B299CC0A30067EDFF /* ApiService.swift in Sources */ = {isa = PBXBuildFile; fileRef = CE686D43299CC0A30067EDFF /* ApiService.swift */; };
		CE686D4C299CC0A30067EDFF /* UrlConstants.swift in Sources */ = {isa = PBXBuildFile; fileRef = CE686D44299CC0A30067EDFF /* UrlConstants.swift */; };
		CE686D4D299CC0A30067EDFF /* Item.swift in Sources */ = {isa = PBXBuildFile; fileRef = CE686D46299CC0A30067EDFF /* Item.swift */; };
		CE686D4E299CC0A30067EDFF /* StoreData.swift in Sources */ = {isa = PBXBuildFile; fileRef = CE686D47299CC0A30067EDFF /* StoreData.swift */; };
		CE686D4F299CC0A30067EDFF /* StoreResponse.swift in Sources */ = {isa = PBXBuildFile; fileRef = CE686D48299CC0A30067EDFF /* StoreResponse.swift */; };
		CE686D55299CC0B80067EDFF /* ViewModel.swift in Sources */ = {isa = PBXBuildFile; fileRef = CE686D54299CC0B80067EDFF /* ViewModel.swift */; };
		CE6EE8B129A5BBFB005D0535 /* EmptySearchResultViewController.swift in Sources */ = {isa = PBXBuildFile; fileRef = CE6EE8B029A5BBFB005D0535 /* EmptySearchResultViewController.swift */; };
		CE7D33C8299A5BC9003158E6 /* AppDelegate.swift in Sources */ = {isa = PBXBuildFile; fileRef = CE7D33C7299A5BC9003158E6 /* AppDelegate.swift */; };
		CE7D33CA299A5BC9003158E6 /* SceneDelegate.swift in Sources */ = {isa = PBXBuildFile; fileRef = CE7D33C9299A5BC9003158E6 /* SceneDelegate.swift */; };
		CE7D33CC299A5BC9003158E6 /* LandingPageViewController.swift in Sources */ = {isa = PBXBuildFile; fileRef = CE7D33CB299A5BC9003158E6 /* LandingPageViewController.swift */; };
		CE7D33D1299A5BCA003158E6 /* Assets.xcassets in Resources */ = {isa = PBXBuildFile; fileRef = CE7D33D0299A5BCA003158E6 /* Assets.xcassets */; };
		CE7D33D4299A5BCA003158E6 /* LaunchScreen.storyboard in Resources */ = {isa = PBXBuildFile; fileRef = CE7D33D2299A5BCA003158E6 /* LaunchScreen.storyboard */; };
		CE7D33DF299A5BCA003158E6 /* grocer_storeTests.swift in Sources */ = {isa = PBXBuildFile; fileRef = CE7D33DE299A5BCA003158E6 /* grocer_storeTests.swift */; };
		CE7D33E9299A5BCB003158E6 /* grocer_storeUITests.swift in Sources */ = {isa = PBXBuildFile; fileRef = CE7D33E8299A5BCB003158E6 /* grocer_storeUITests.swift */; };
		CE7D33EB299A5BCB003158E6 /* grocer_storeUITestsLaunchTests.swift in Sources */ = {isa = PBXBuildFile; fileRef = CE7D33EA299A5BCB003158E6 /* grocer_storeUITestsLaunchTests.swift */; };
		CEA86C7629A8668F00BB24B0 /* AppColors.swift in Sources */ = {isa = PBXBuildFile; fileRef = CEA86C7529A8668F00BB24B0 /* AppColors.swift */; };
		CEBE4C69201C7BE7880D978B /* Pods_grocer_storeTests.framework in Frameworks */ = {isa = PBXBuildFile; fileRef = 45CEDBCA53A64B9A4E82E8AC /* Pods_grocer_storeTests.framework */; };
/* End PBXBuildFile section */

/* Begin PBXContainerItemProxy section */
		CE7D33DB299A5BCA003158E6 /* PBXContainerItemProxy */ = {
			isa = PBXContainerItemProxy;
			containerPortal = CE7D33BC299A5BC9003158E6 /* Project object */;
			proxyType = 1;
			remoteGlobalIDString = CE7D33C3299A5BC9003158E6;
			remoteInfo = grocer_store;
		};
		CE7D33E5299A5BCB003158E6 /* PBXContainerItemProxy */ = {
			isa = PBXContainerItemProxy;
			containerPortal = CE7D33BC299A5BC9003158E6 /* Project object */;
			proxyType = 1;
			remoteGlobalIDString = CE7D33C3299A5BC9003158E6;
			remoteInfo = grocer_store;
		};
/* End PBXContainerItemProxy section */

/* Begin PBXFileReference section */
		00EB64B96D1E27A174CCBBF5 /* Pods-grocer_storeTests.debug.xcconfig */ = {isa = PBXFileReference; includeInIndex = 1; lastKnownFileType = text.xcconfig; name = "Pods-grocer_storeTests.debug.xcconfig"; path = "Target Support Files/Pods-grocer_storeTests/Pods-grocer_storeTests.debug.xcconfig"; sourceTree = "<group>"; };
		23C4B51B50DBD0F2F568D6CA /* Pods_grocer_store.framework */ = {isa = PBXFileReference; explicitFileType = wrapper.framework; includeInIndex = 0; path = Pods_grocer_store.framework; sourceTree = BUILT_PRODUCTS_DIR; };
		3D29DF3F385BEE38E00637DB /* Pods-grocer_storeTests.release.xcconfig */ = {isa = PBXFileReference; includeInIndex = 1; lastKnownFileType = text.xcconfig; name = "Pods-grocer_storeTests.release.xcconfig"; path = "Target Support Files/Pods-grocer_storeTests/Pods-grocer_storeTests.release.xcconfig"; sourceTree = "<group>"; };
		45CEDBCA53A64B9A4E82E8AC /* Pods_grocer_storeTests.framework */ = {isa = PBXFileReference; explicitFileType = wrapper.framework; includeInIndex = 0; path = Pods_grocer_storeTests.framework; sourceTree = BUILT_PRODUCTS_DIR; };
		72B9EF275E3934EEF1E98DAE /* Pods-grocer_store-grocer_storeUITests.debug.xcconfig */ = {isa = PBXFileReference; includeInIndex = 1; lastKnownFileType = text.xcconfig; name = "Pods-grocer_store-grocer_storeUITests.debug.xcconfig"; path = "Target Support Files/Pods-grocer_store-grocer_storeUITests/Pods-grocer_store-grocer_storeUITests.debug.xcconfig"; sourceTree = "<group>"; };
		7B74CC13F32C8A737BEA042E /* Pods-grocer_store.debug.xcconfig */ = {isa = PBXFileReference; includeInIndex = 1; lastKnownFileType = text.xcconfig; name = "Pods-grocer_store.debug.xcconfig"; path = "Target Support Files/Pods-grocer_store/Pods-grocer_store.debug.xcconfig"; sourceTree = "<group>"; };
		87D90A21A0BDBEC89CA6A20C /* Pods_grocer_store_grocer_storeUITests.framework */ = {isa = PBXFileReference; explicitFileType = wrapper.framework; includeInIndex = 0; path = Pods_grocer_store_grocer_storeUITests.framework; sourceTree = BUILT_PRODUCTS_DIR; };
		A6D7BEC8F2C5892128CB7DBC /* Pods-grocer_store.release.xcconfig */ = {isa = PBXFileReference; includeInIndex = 1; lastKnownFileType = text.xcconfig; name = "Pods-grocer_store.release.xcconfig"; path = "Target Support Files/Pods-grocer_store/Pods-grocer_store.release.xcconfig"; sourceTree = "<group>"; };
		B7393872E9BFCD889918B6EC /* Pods-grocer_store-grocer_storeUITests.release.xcconfig */ = {isa = PBXFileReference; includeInIndex = 1; lastKnownFileType = text.xcconfig; name = "Pods-grocer_store-grocer_storeUITests.release.xcconfig"; path = "Target Support Files/Pods-grocer_store-grocer_storeUITests/Pods-grocer_store-grocer_storeUITests.release.xcconfig"; sourceTree = "<group>"; };
		CE0C18E229A1CF9F00B4D582 /* CoreDataStack.swift */ = {isa = PBXFileReference; lastKnownFileType = sourcecode.swift; path = CoreDataStack.swift; sourceTree = "<group>"; };
		CE0C18E529A22A7F00B4D582 /* grocer_storeTestCoreDataStack.swift */ = {isa = PBXFileReference; lastKnownFileType = sourcecode.swift; path = grocer_storeTestCoreDataStack.swift; sourceTree = "<group>"; };
		CE2D81FC299CF895006B648C /* ProductListingTableView.swift */ = {isa = PBXFileReference; lastKnownFileType = sourcecode.swift; path = ProductListingTableView.swift; sourceTree = "<group>"; };
		CE2D8200299CFA62006B648C /* ProductListingCollectionView.swift */ = {isa = PBXFileReference; lastKnownFileType = sourcecode.swift; path = ProductListingCollectionView.swift; sourceTree = "<group>"; };
		CE2D8207299D17D8006B648C /* LoaderView.swift */ = {isa = PBXFileReference; lastKnownFileType = sourcecode.swift; path = LoaderView.swift; sourceTree = "<group>"; };
		CE2D8209299D3167006B648C /* ProductTableViewCell.swift */ = {isa = PBXFileReference; lastKnownFileType = sourcecode.swift; path = ProductTableViewCell.swift; sourceTree = "<group>"; };
		CE2D820C299D367A006B648C /* AppUtilities.swift */ = {isa = PBXFileReference; lastKnownFileType = sourcecode.swift; path = AppUtilities.swift; sourceTree = "<group>"; };
		CE3ED11F29A7079E0053228E /* grocer_storeSearchUITests.swift */ = {isa = PBXFileReference; lastKnownFileType = sourcecode.swift; path = grocer_storeSearchUITests.swift; sourceTree = "<group>"; };
		CE3ED12129A7324D0053228E /* AppViewController.swift */ = {isa = PBXFileReference; lastKnownFileType = sourcecode.swift; path = AppViewController.swift; sourceTree = "<group>"; };
		CE3ED12329A733910053228E /* AppPageViewController.swift */ = {isa = PBXFileReference; lastKnownFileType = sourcecode.swift; path = AppPageViewController.swift; sourceTree = "<group>"; };
		CE3ED12629A7473D0053228E /* ComingSoonViewController.swift */ = {isa = PBXFileReference; lastKnownFileType = sourcecode.swift; path = ComingSoonViewController.swift; sourceTree = "<group>"; };
		CE3F8325299DD1BF004FCDFD /* ProductCollectionViewCell.swift */ = {isa = PBXFileReference; lastKnownFileType = sourcecode.swift; path = ProductCollectionViewCell.swift; sourceTree = "<group>"; };
		CE3F8327299DF9AA004FCDFD /* AppHeaderViewController.swift */ = {isa = PBXFileReference; lastKnownFileType = sourcecode.swift; path = AppHeaderViewController.swift; sourceTree = "<group>"; };
		CE3F836C299F4B4D004FCDFD /* StoreDataModel.xcdatamodel */ = {isa = PBXFileReference; lastKnownFileType = wrapper.xcdatamodel; path = StoreDataModel.xcdatamodel; sourceTree = "<group>"; };
		CE3F836E299F4DD0004FCDFD /* CoreDataHelper.swift */ = {isa = PBXFileReference; lastKnownFileType = sourcecode.swift; path = CoreDataHelper.swift; sourceTree = "<group>"; };
		CE3F8370299F78C6004FCDFD /* DataRepository.swift */ = {isa = PBXFileReference; lastKnownFileType = sourcecode.swift; path = DataRepository.swift; sourceTree = "<group>"; };
		CE5C92B929A09E4500AB3B9D /* TestCoreDataStack.swift */ = {isa = PBXFileReference; lastKnownFileType = sourcecode.swift; path = TestCoreDataStack.swift; sourceTree = "<group>"; };
		CE686D41299CC0A30067EDFF /* NetworkClient.swift */ = {isa = PBXFileReference; fileEncoding = 4; lastKnownFileType = sourcecode.swift; path = NetworkClient.swift; sourceTree = "<group>"; };
		CE686D42299CC0A30067EDFF /* DataWrapper.swift */ = {isa = PBXFileReference; fileEncoding = 4; lastKnownFileType = sourcecode.swift; path = DataWrapper.swift; sourceTree = "<group>"; };
		CE686D43299CC0A30067EDFF /* ApiService.swift */ = {isa = PBXFileReference; fileEncoding = 4; lastKnownFileType = sourcecode.swift; path = ApiService.swift; sourceTree = "<group>"; };
		CE686D44299CC0A30067EDFF /* UrlConstants.swift */ = {isa = PBXFileReference; fileEncoding = 4; lastKnownFileType = sourcecode.swift; path = UrlConstants.swift; sourceTree = "<group>"; };
		CE686D46299CC0A30067EDFF /* Item.swift */ = {isa = PBXFileReference; fileEncoding = 4; lastKnownFileType = sourcecode.swift; path = Item.swift; sourceTree = "<group>"; };
		CE686D47299CC0A30067EDFF /* StoreData.swift */ = {isa = PBXFileReference; fileEncoding = 4; lastKnownFileType = sourcecode.swift; path = StoreData.swift; sourceTree = "<group>"; };
		CE686D48299CC0A30067EDFF /* StoreResponse.swift */ = {isa = PBXFileReference; fileEncoding = 4; lastKnownFileType = sourcecode.swift; path = StoreResponse.swift; sourceTree = "<group>"; };
		CE686D54299CC0B80067EDFF /* ViewModel.swift */ = {isa = PBXFileReference; fileEncoding = 4; lastKnownFileType = sourcecode.swift; path = ViewModel.swift; sourceTree = "<group>"; };
		CE6EE8B029A5BBFB005D0535 /* EmptySearchResultViewController.swift */ = {isa = PBXFileReference; lastKnownFileType = sourcecode.swift; path = EmptySearchResultViewController.swift; sourceTree = "<group>"; };
		CE7D33C4299A5BC9003158E6 /* grocer_store.app */ = {isa = PBXFileReference; explicitFileType = wrapper.application; includeInIndex = 0; path = grocer_store.app; sourceTree = BUILT_PRODUCTS_DIR; };
		CE7D33C7299A5BC9003158E6 /* AppDelegate.swift */ = {isa = PBXFileReference; lastKnownFileType = sourcecode.swift; path = AppDelegate.swift; sourceTree = "<group>"; };
		CE7D33C9299A5BC9003158E6 /* SceneDelegate.swift */ = {isa = PBXFileReference; lastKnownFileType = sourcecode.swift; path = SceneDelegate.swift; sourceTree = "<group>"; };
		CE7D33CB299A5BC9003158E6 /* LandingPageViewController.swift */ = {isa = PBXFileReference; lastKnownFileType = sourcecode.swift; path = LandingPageViewController.swift; sourceTree = "<group>"; };
		CE7D33D0299A5BCA003158E6 /* Assets.xcassets */ = {isa = PBXFileReference; lastKnownFileType = folder.assetcatalog; path = Assets.xcassets; sourceTree = "<group>"; };
		CE7D33D3299A5BCA003158E6 /* Base */ = {isa = PBXFileReference; lastKnownFileType = file.storyboard; name = Base; path = Base.lproj/LaunchScreen.storyboard; sourceTree = "<group>"; };
		CE7D33D5299A5BCA003158E6 /* Info.plist */ = {isa = PBXFileReference; lastKnownFileType = text.plist.xml; path = Info.plist; sourceTree = "<group>"; };
		CE7D33DA299A5BCA003158E6 /* grocer_storeTests.xctest */ = {isa = PBXFileReference; explicitFileType = wrapper.cfbundle; includeInIndex = 0; path = grocer_storeTests.xctest; sourceTree = BUILT_PRODUCTS_DIR; };
		CE7D33DE299A5BCA003158E6 /* grocer_storeTests.swift */ = {isa = PBXFileReference; lastKnownFileType = sourcecode.swift; path = grocer_storeTests.swift; sourceTree = "<group>"; };
		CE7D33E4299A5BCB003158E6 /* grocer_storeUITests.xctest */ = {isa = PBXFileReference; explicitFileType = wrapper.cfbundle; includeInIndex = 0; path = grocer_storeUITests.xctest; sourceTree = BUILT_PRODUCTS_DIR; };
		CE7D33E8299A5BCB003158E6 /* grocer_storeUITests.swift */ = {isa = PBXFileReference; lastKnownFileType = sourcecode.swift; path = grocer_storeUITests.swift; sourceTree = "<group>"; };
		CE7D33EA299A5BCB003158E6 /* grocer_storeUITestsLaunchTests.swift */ = {isa = PBXFileReference; lastKnownFileType = sourcecode.swift; path = grocer_storeUITestsLaunchTests.swift; sourceTree = "<group>"; };
		CEA86C7529A8668F00BB24B0 /* AppColors.swift */ = {isa = PBXFileReference; lastKnownFileType = sourcecode.swift; path = AppColors.swift; sourceTree = "<group>"; };
/* End PBXFileReference section */

/* Begin PBXFrameworksBuildPhase section */
		CE7D33C1299A5BC9003158E6 /* Frameworks */ = {
			isa = PBXFrameworksBuildPhase;
			buildActionMask = 2147483647;
			files = (
				A3F77C802D9E1DD334100814 /* Pods_grocer_store.framework in Frameworks */,
			);
			runOnlyForDeploymentPostprocessing = 0;
		};
		CE7D33D7299A5BCA003158E6 /* Frameworks */ = {
			isa = PBXFrameworksBuildPhase;
			buildActionMask = 2147483647;
			files = (
				CEBE4C69201C7BE7880D978B /* Pods_grocer_storeTests.framework in Frameworks */,
			);
			runOnlyForDeploymentPostprocessing = 0;
		};
		CE7D33E1299A5BCB003158E6 /* Frameworks */ = {
			isa = PBXFrameworksBuildPhase;
			buildActionMask = 2147483647;
			files = (
				71ACF5FFFCE928AB6906AFF5 /* Pods_grocer_store_grocer_storeUITests.framework in Frameworks */,
			);
			runOnlyForDeploymentPostprocessing = 0;
		};
/* End PBXFrameworksBuildPhase section */

/* Begin PBXGroup section */
		755053C96EE429FD778B6361 /* Pods */ = {
			isa = PBXGroup;
			children = (
				7B74CC13F32C8A737BEA042E /* Pods-grocer_store.debug.xcconfig */,
				A6D7BEC8F2C5892128CB7DBC /* Pods-grocer_store.release.xcconfig */,
				72B9EF275E3934EEF1E98DAE /* Pods-grocer_store-grocer_storeUITests.debug.xcconfig */,
				B7393872E9BFCD889918B6EC /* Pods-grocer_store-grocer_storeUITests.release.xcconfig */,
				00EB64B96D1E27A174CCBBF5 /* Pods-grocer_storeTests.debug.xcconfig */,
				3D29DF3F385BEE38E00637DB /* Pods-grocer_storeTests.release.xcconfig */,
			);
			path = Pods;
			sourceTree = "<group>";
		};
		AFCDAF1B10C5DC5D586D3464 /* Frameworks */ = {
			isa = PBXGroup;
			children = (
				23C4B51B50DBD0F2F568D6CA /* Pods_grocer_store.framework */,
				87D90A21A0BDBEC89CA6A20C /* Pods_grocer_store_grocer_storeUITests.framework */,
				45CEDBCA53A64B9A4E82E8AC /* Pods_grocer_storeTests.framework */,
			);
			name = Frameworks;
			sourceTree = "<group>";
		};
		CE0C18ED29A25A3C00B4D582 /* Data */ = {
			isa = PBXGroup;
			children = (
				CE5C92B929A09E4500AB3B9D /* TestCoreDataStack.swift */,
			);
			path = Data;
			sourceTree = "<group>";
		};
		CE2D81F8299CF812006B648C /* ProductListingTableView */ = {
			isa = PBXGroup;
			children = (
				CE2D81F9299CF86F006B648C /* View */,
			);
			path = ProductListingTableView;
			sourceTree = "<group>";
		};
		CE2D81F9299CF86F006B648C /* View */ = {
			isa = PBXGroup;
			children = (
				CE2D81FC299CF895006B648C /* ProductListingTableView.swift */,
				CE2D8209299D3167006B648C /* ProductTableViewCell.swift */,
			);
			path = View;
			sourceTree = "<group>";
		};
		CE2D81FE299CFA4B006B648C /* ProductListingCollectionView */ = {
			isa = PBXGroup;
			children = (
				CE2D81FF299CFA56006B648C /* Views */,
			);
			path = ProductListingCollectionView;
			sourceTree = "<group>";
		};
		CE2D81FF299CFA56006B648C /* Views */ = {
			isa = PBXGroup;
			children = (
				CE2D8200299CFA62006B648C /* ProductListingCollectionView.swift */,
				CE3F8325299DD1BF004FCDFD /* ProductCollectionViewCell.swift */,
			);
			path = Views;
			sourceTree = "<group>";
		};
		CE2D8206299D17C9006B648C /* View */ = {
			isa = PBXGroup;
			children = (
				CE2D8207299D17D8006B648C /* LoaderView.swift */,
				CE6EE8B029A5BBFB005D0535 /* EmptySearchResultViewController.swift */,
			);
			path = View;
			sourceTree = "<group>";
		};
		CE2D820B299D365F006B648C /* Utils */ = {
			isa = PBXGroup;
			children = (
				CE2D820C299D367A006B648C /* AppUtilities.swift */,
				CEA86C7529A8668F00BB24B0 /* AppColors.swift */,
			);
			path = Utils;
			sourceTree = "<group>";
		};
		CE3ED12529A747240053228E /* ComingSoonView */ = {
			isa = PBXGroup;
			children = (
				CE3ED12629A7473D0053228E /* ComingSoonViewController.swift */,
			);
			path = ComingSoonView;
			sourceTree = "<group>";
		};
		CE3ED12829A761DF0053228E /* App */ = {
			isa = PBXGroup;
			children = (
				CE3ED12929A761E80053228E /* View */,
			);
			path = App;
			sourceTree = "<group>";
		};
		CE3ED12929A761E80053228E /* View */ = {
			isa = PBXGroup;
			children = (
				CE3ED12129A7324D0053228E /* AppViewController.swift */,
				CE3F8327299DF9AA004FCDFD /* AppHeaderViewController.swift */,
				CE3ED12329A733910053228E /* AppPageViewController.swift */,
			);
			path = View;
			sourceTree = "<group>";
		};
		CE3F836A299F4B2D004FCDFD /* CoreDataService */ = {
			isa = PBXGroup;
			children = (
				CE3F836E299F4DD0004FCDFD /* CoreDataHelper.swift */,
				CE0C18E229A1CF9F00B4D582 /* CoreDataStack.swift */,
			);
			path = CoreDataService;
			sourceTree = "<group>";
		};
		CE3F8372299F7EFC004FCDFD /* Repository */ = {
			isa = PBXGroup;
			children = (
				CE3F8370299F78C6004FCDFD /* DataRepository.swift */,
			);
			path = Repository;
			sourceTree = "<group>";
		};
		CE686D3F299CC0A30067EDFF /* Common */ = {
			isa = PBXGroup;
			children = (
				CE3F836A299F4B2D004FCDFD /* CoreDataService */,
				CE686D40299CC0A30067EDFF /* Networking */,
				CE3F8372299F7EFC004FCDFD /* Repository */,
				CE2D820B299D365F006B648C /* Utils */,
				CE2D8206299D17C9006B648C /* View */,
				CE686D53299CC0B80067EDFF /* ViewModel */,
				CE686D45299CC0A30067EDFF /* Model */,
			);
			path = Common;
			sourceTree = "<group>";
		};
		CE686D40299CC0A30067EDFF /* Networking */ = {
			isa = PBXGroup;
			children = (
				CE686D41299CC0A30067EDFF /* NetworkClient.swift */,
				CE686D42299CC0A30067EDFF /* DataWrapper.swift */,
				CE686D43299CC0A30067EDFF /* ApiService.swift */,
				CE686D44299CC0A30067EDFF /* UrlConstants.swift */,
			);
			path = Networking;
			sourceTree = "<group>";
		};
		CE686D45299CC0A30067EDFF /* Model */ = {
			isa = PBXGroup;
			children = (
				CE686D46299CC0A30067EDFF /* Item.swift */,
				CE686D47299CC0A30067EDFF /* StoreData.swift */,
				CE686D48299CC0A30067EDFF /* StoreResponse.swift */,
			);
			path = Model;
			sourceTree = "<group>";
		};
		CE686D53299CC0B80067EDFF /* ViewModel */ = {
			isa = PBXGroup;
			children = (
				CE686D54299CC0B80067EDFF /* ViewModel.swift */,
			);
			path = ViewModel;
			sourceTree = "<group>";
		};
		CE686D59299CDB680067EDFF /* Delegates */ = {
			isa = PBXGroup;
			children = (
				CE7D33C9299A5BC9003158E6 /* SceneDelegate.swift */,
				CE7D33C7299A5BC9003158E6 /* AppDelegate.swift */,
			);
			path = Delegates;
			sourceTree = "<group>";
		};
		CE686D5A299CDC670067EDFF /* View */ = {
			isa = PBXGroup;
			children = (
				CE7D33CB299A5BC9003158E6 /* LandingPageViewController.swift */,
			);
			path = View;
			sourceTree = "<group>";
		};
		CE686D5E299CDDAE0067EDFF /* LandingPage */ = {
			isa = PBXGroup;
			children = (
				CE686D5A299CDC670067EDFF /* View */,
			);
			path = LandingPage;
			sourceTree = "<group>";
		};
		CE7D33BB299A5BC9003158E6 = {
			isa = PBXGroup;
			children = (
				CE7D33C6299A5BC9003158E6 /* grocer_store */,
				CE7D33DD299A5BCA003158E6 /* grocer_storeTests */,
				CE7D33E7299A5BCB003158E6 /* grocer_storeUITests */,
				CE7D33C5299A5BC9003158E6 /* Products */,
				755053C96EE429FD778B6361 /* Pods */,
				AFCDAF1B10C5DC5D586D3464 /* Frameworks */,
			);
			sourceTree = "<group>";
		};
		CE7D33C5299A5BC9003158E6 /* Products */ = {
			isa = PBXGroup;
			children = (
				CE7D33C4299A5BC9003158E6 /* grocer_store.app */,
				CE7D33DA299A5BCA003158E6 /* grocer_storeTests.xctest */,
				CE7D33E4299A5BCB003158E6 /* grocer_storeUITests.xctest */,
			);
			name = Products;
			sourceTree = "<group>";
		};
		CE7D33C6299A5BC9003158E6 /* grocer_store */ = {
			isa = PBXGroup;
			children = (
				CE3ED12829A761DF0053228E /* App */,
				CE3ED12529A747240053228E /* ComingSoonView */,
				CE2D81FE299CFA4B006B648C /* ProductListingCollectionView */,
				CE2D81F8299CF812006B648C /* ProductListingTableView */,
				CE686D5E299CDDAE0067EDFF /* LandingPage */,
				CE686D59299CDB680067EDFF /* Delegates */,
				CE686D3F299CC0A30067EDFF /* Common */,
				CE7D33D0299A5BCA003158E6 /* Assets.xcassets */,
				CE7D33D2299A5BCA003158E6 /* LaunchScreen.storyboard */,
				CE3F836B299F4B4D004FCDFD /* StoreDataModel.xcdatamodeld */,
				CE7D33D5299A5BCA003158E6 /* Info.plist */,
			);
			path = grocer_store;
			sourceTree = "<group>";
		};
		CE7D33DD299A5BCA003158E6 /* grocer_storeTests */ = {
			isa = PBXGroup;
			children = (
				CE0C18ED29A25A3C00B4D582 /* Data */,
				CE7D33DE299A5BCA003158E6 /* grocer_storeTests.swift */,
				CE0C18E529A22A7F00B4D582 /* grocer_storeTestCoreDataStack.swift */,
			);
			path = grocer_storeTests;
			sourceTree = "<group>";
		};
		CE7D33E7299A5BCB003158E6 /* grocer_storeUITests */ = {
			isa = PBXGroup;
			children = (
				CE7D33E8299A5BCB003158E6 /* grocer_storeUITests.swift */,
				CE7D33EA299A5BCB003158E6 /* grocer_storeUITestsLaunchTests.swift */,
				CE3ED11F29A7079E0053228E /* grocer_storeSearchUITests.swift */,
			);
			path = grocer_storeUITests;
			sourceTree = "<group>";
		};
/* End PBXGroup section */

/* Begin PBXNativeTarget section */
		CE7D33C3299A5BC9003158E6 /* grocer_store */ = {
			isa = PBXNativeTarget;
			buildConfigurationList = CE7D33EE299A5BCB003158E6 /* Build configuration list for PBXNativeTarget "grocer_store" */;
			buildPhases = (
				7DA599A14975197798CE50A1 /* [CP] Check Pods Manifest.lock */,
				CE7D33C0299A5BC9003158E6 /* Sources */,
				CE7D33C1299A5BC9003158E6 /* Frameworks */,
				CE7D33C2299A5BC9003158E6 /* Resources */,
				1ED0B3056E122E052B1F7952 /* [CP] Embed Pods Frameworks */,
			);
			buildRules = (
			);
			dependencies = (
			);
			name = grocer_store;
			productName = grocer_store;
			productReference = CE7D33C4299A5BC9003158E6 /* grocer_store.app */;
			productType = "com.apple.product-type.application";
		};
		CE7D33D9299A5BCA003158E6 /* grocer_storeTests */ = {
			isa = PBXNativeTarget;
			buildConfigurationList = CE7D33F1299A5BCB003158E6 /* Build configuration list for PBXNativeTarget "grocer_storeTests" */;
			buildPhases = (
				EA46D706A235609F07506D02 /* [CP] Check Pods Manifest.lock */,
				CE7D33D6299A5BCA003158E6 /* Sources */,
				CE7D33D7299A5BCA003158E6 /* Frameworks */,
				CE7D33D8299A5BCA003158E6 /* Resources */,
			);
			buildRules = (
			);
			dependencies = (
				CE7D33DC299A5BCA003158E6 /* PBXTargetDependency */,
			);
			name = grocer_storeTests;
			productName = grocer_storeTests;
			productReference = CE7D33DA299A5BCA003158E6 /* grocer_storeTests.xctest */;
			productType = "com.apple.product-type.bundle.unit-test";
		};
		CE7D33E3299A5BCB003158E6 /* grocer_storeUITests */ = {
			isa = PBXNativeTarget;
			buildConfigurationList = CE7D33F4299A5BCB003158E6 /* Build configuration list for PBXNativeTarget "grocer_storeUITests" */;
			buildPhases = (
				201ECC26D769CDDB930882D3 /* [CP] Check Pods Manifest.lock */,
				CE7D33E0299A5BCB003158E6 /* Sources */,
				CE7D33E1299A5BCB003158E6 /* Frameworks */,
				CE7D33E2299A5BCB003158E6 /* Resources */,
				AF51495A1091F3FE0A934C67 /* [CP] Embed Pods Frameworks */,
			);
			buildRules = (
			);
			dependencies = (
				CE7D33E6299A5BCB003158E6 /* PBXTargetDependency */,
			);
			name = grocer_storeUITests;
			productName = grocer_storeUITests;
			productReference = CE7D33E4299A5BCB003158E6 /* grocer_storeUITests.xctest */;
			productType = "com.apple.product-type.bundle.ui-testing";
		};
/* End PBXNativeTarget section */

/* Begin PBXProject section */
		CE7D33BC299A5BC9003158E6 /* Project object */ = {
			isa = PBXProject;
			attributes = {
				BuildIndependentTargetsInParallel = 1;
				LastSwiftUpdateCheck = 1410;
				LastUpgradeCheck = 1410;
				TargetAttributes = {
					CE7D33C3299A5BC9003158E6 = {
						CreatedOnToolsVersion = 14.1;
					};
					CE7D33D9299A5BCA003158E6 = {
						CreatedOnToolsVersion = 14.1;
						TestTargetID = CE7D33C3299A5BC9003158E6;
					};
					CE7D33E3299A5BCB003158E6 = {
						CreatedOnToolsVersion = 14.1;
						TestTargetID = CE7D33C3299A5BC9003158E6;
					};
				};
			};
			buildConfigurationList = CE7D33BF299A5BC9003158E6 /* Build configuration list for PBXProject "grocer_store" */;
			compatibilityVersion = "Xcode 13.0";
			developmentRegion = en;
			hasScannedForEncodings = 0;
			knownRegions = (
				en,
				Base,
			);
			mainGroup = CE7D33BB299A5BC9003158E6;
			productRefGroup = CE7D33C5299A5BC9003158E6 /* Products */;
			projectDirPath = "";
			projectRoot = "";
			targets = (
				CE7D33C3299A5BC9003158E6 /* grocer_store */,
				CE7D33D9299A5BCA003158E6 /* grocer_storeTests */,
				CE7D33E3299A5BCB003158E6 /* grocer_storeUITests */,
			);
		};
/* End PBXProject section */

/* Begin PBXResourcesBuildPhase section */
		CE7D33C2299A5BC9003158E6 /* Resources */ = {
			isa = PBXResourcesBuildPhase;
			buildActionMask = 2147483647;
			files = (
				CE7D33D4299A5BCA003158E6 /* LaunchScreen.storyboard in Resources */,
				CE7D33D1299A5BCA003158E6 /* Assets.xcassets in Resources */,
			);
			runOnlyForDeploymentPostprocessing = 0;
		};
		CE7D33D8299A5BCA003158E6 /* Resources */ = {
			isa = PBXResourcesBuildPhase;
			buildActionMask = 2147483647;
			files = (
			);
			runOnlyForDeploymentPostprocessing = 0;
		};
		CE7D33E2299A5BCB003158E6 /* Resources */ = {
			isa = PBXResourcesBuildPhase;
			buildActionMask = 2147483647;
			files = (
			);
			runOnlyForDeploymentPostprocessing = 0;
		};
/* End PBXResourcesBuildPhase section */

/* Begin PBXShellScriptBuildPhase section */
		1ED0B3056E122E052B1F7952 /* [CP] Embed Pods Frameworks */ = {
			isa = PBXShellScriptBuildPhase;
			buildActionMask = 2147483647;
			files = (
			);
			inputFileListPaths = (
				"${PODS_ROOT}/Target Support Files/Pods-grocer_store/Pods-grocer_store-frameworks-${CONFIGURATION}-input-files.xcfilelist",
			);
			name = "[CP] Embed Pods Frameworks";
			outputFileListPaths = (
				"${PODS_ROOT}/Target Support Files/Pods-grocer_store/Pods-grocer_store-frameworks-${CONFIGURATION}-output-files.xcfilelist",
			);
			runOnlyForDeploymentPostprocessing = 0;
			shellPath = /bin/sh;
			shellScript = "\"${PODS_ROOT}/Target Support Files/Pods-grocer_store/Pods-grocer_store-frameworks.sh\"\n";
			showEnvVarsInLog = 0;
		};
		201ECC26D769CDDB930882D3 /* [CP] Check Pods Manifest.lock */ = {
			isa = PBXShellScriptBuildPhase;
			buildActionMask = 2147483647;
			files = (
			);
			inputFileListPaths = (
			);
			inputPaths = (
				"${PODS_PODFILE_DIR_PATH}/Podfile.lock",
				"${PODS_ROOT}/Manifest.lock",
			);
			name = "[CP] Check Pods Manifest.lock";
			outputFileListPaths = (
			);
			outputPaths = (
				"$(DERIVED_FILE_DIR)/Pods-grocer_store-grocer_storeUITests-checkManifestLockResult.txt",
			);
			runOnlyForDeploymentPostprocessing = 0;
			shellPath = /bin/sh;
			shellScript = "diff \"${PODS_PODFILE_DIR_PATH}/Podfile.lock\" \"${PODS_ROOT}/Manifest.lock\" > /dev/null\nif [ $? != 0 ] ; then\n    # print error to STDERR\n    echo \"error: The sandbox is not in sync with the Podfile.lock. Run 'pod install' or update your CocoaPods installation.\" >&2\n    exit 1\nfi\n# This output is used by Xcode 'outputs' to avoid re-running this script phase.\necho \"SUCCESS\" > \"${SCRIPT_OUTPUT_FILE_0}\"\n";
			showEnvVarsInLog = 0;
		};
		7DA599A14975197798CE50A1 /* [CP] Check Pods Manifest.lock */ = {
			isa = PBXShellScriptBuildPhase;
			buildActionMask = 2147483647;
			files = (
			);
			inputFileListPaths = (
			);
			inputPaths = (
				"${PODS_PODFILE_DIR_PATH}/Podfile.lock",
				"${PODS_ROOT}/Manifest.lock",
			);
			name = "[CP] Check Pods Manifest.lock";
			outputFileListPaths = (
			);
			outputPaths = (
				"$(DERIVED_FILE_DIR)/Pods-grocer_store-checkManifestLockResult.txt",
			);
			runOnlyForDeploymentPostprocessing = 0;
			shellPath = /bin/sh;
			shellScript = "diff \"${PODS_PODFILE_DIR_PATH}/Podfile.lock\" \"${PODS_ROOT}/Manifest.lock\" > /dev/null\nif [ $? != 0 ] ; then\n    # print error to STDERR\n    echo \"error: The sandbox is not in sync with the Podfile.lock. Run 'pod install' or update your CocoaPods installation.\" >&2\n    exit 1\nfi\n# This output is used by Xcode 'outputs' to avoid re-running this script phase.\necho \"SUCCESS\" > \"${SCRIPT_OUTPUT_FILE_0}\"\n";
			showEnvVarsInLog = 0;
		};
		AF51495A1091F3FE0A934C67 /* [CP] Embed Pods Frameworks */ = {
			isa = PBXShellScriptBuildPhase;
			buildActionMask = 2147483647;
			files = (
			);
			inputFileListPaths = (
				"${PODS_ROOT}/Target Support Files/Pods-grocer_store-grocer_storeUITests/Pods-grocer_store-grocer_storeUITests-frameworks-${CONFIGURATION}-input-files.xcfilelist",
			);
			name = "[CP] Embed Pods Frameworks";
			outputFileListPaths = (
				"${PODS_ROOT}/Target Support Files/Pods-grocer_store-grocer_storeUITests/Pods-grocer_store-grocer_storeUITests-frameworks-${CONFIGURATION}-output-files.xcfilelist",
			);
			runOnlyForDeploymentPostprocessing = 0;
			shellPath = /bin/sh;
			shellScript = "\"${PODS_ROOT}/Target Support Files/Pods-grocer_store-grocer_storeUITests/Pods-grocer_store-grocer_storeUITests-frameworks.sh\"\n";
			showEnvVarsInLog = 0;
		};
		EA46D706A235609F07506D02 /* [CP] Check Pods Manifest.lock */ = {
			isa = PBXShellScriptBuildPhase;
			buildActionMask = 2147483647;
			files = (
			);
			inputFileListPaths = (
			);
			inputPaths = (
				"${PODS_PODFILE_DIR_PATH}/Podfile.lock",
				"${PODS_ROOT}/Manifest.lock",
			);
			name = "[CP] Check Pods Manifest.lock";
			outputFileListPaths = (
			);
			outputPaths = (
				"$(DERIVED_FILE_DIR)/Pods-grocer_storeTests-checkManifestLockResult.txt",
			);
			runOnlyForDeploymentPostprocessing = 0;
			shellPath = /bin/sh;
			shellScript = "diff \"${PODS_PODFILE_DIR_PATH}/Podfile.lock\" \"${PODS_ROOT}/Manifest.lock\" > /dev/null\nif [ $? != 0 ] ; then\n    # print error to STDERR\n    echo \"error: The sandbox is not in sync with the Podfile.lock. Run 'pod install' or update your CocoaPods installation.\" >&2\n    exit 1\nfi\n# This output is used by Xcode 'outputs' to avoid re-running this script phase.\necho \"SUCCESS\" > \"${SCRIPT_OUTPUT_FILE_0}\"\n";
			showEnvVarsInLog = 0;
		};
/* End PBXShellScriptBuildPhase section */

/* Begin PBXSourcesBuildPhase section */
		CE7D33C0299A5BC9003158E6 /* Sources */ = {
			isa = PBXSourcesBuildPhase;
			buildActionMask = 2147483647;
			files = (
				CE7D33CC299A5BC9003158E6 /* LandingPageViewController.swift in Sources */,
				CE3F836F299F4DD0004FCDFD /* CoreDataHelper.swift in Sources */,
				CE2D8208299D17D8006B648C /* LoaderView.swift in Sources */,
				CE686D4E299CC0A30067EDFF /* StoreData.swift in Sources */,
				CE686D4D299CC0A30067EDFF /* Item.swift in Sources */,
				CE7D33C8299A5BC9003158E6 /* AppDelegate.swift in Sources */,
				CE3ED12429A733910053228E /* AppPageViewController.swift in Sources */,
				CE3F8371299F78C6004FCDFD /* DataRepository.swift in Sources */,
				CE7D33CA299A5BC9003158E6 /* SceneDelegate.swift in Sources */,
				CEA86C7629A8668F00BB24B0 /* AppColors.swift in Sources */,
				CE3F8328299DF9AA004FCDFD /* AppHeaderViewController.swift in Sources */,
				CE3ED12229A7324D0053228E /* AppViewController.swift in Sources */,
				CE3ED12729A7473D0053228E /* ComingSoonViewController.swift in Sources */,
				CE686D49299CC0A30067EDFF /* NetworkClient.swift in Sources */,
				CE6EE8B129A5BBFB005D0535 /* EmptySearchResultViewController.swift in Sources */,
				CE686D4C299CC0A30067EDFF /* UrlConstants.swift in Sources */,
				CE2D820D299D367A006B648C /* AppUtilities.swift in Sources */,
				CE2D820A299D3167006B648C /* ProductTableViewCell.swift in Sources */,
				CE686D4B299CC0A30067EDFF /* ApiService.swift in Sources */,
				CE2D81FD299CF895006B648C /* ProductListingTableView.swift in Sources */,
				CE686D4F299CC0A30067EDFF /* StoreResponse.swift in Sources */,
				CE686D55299CC0B80067EDFF /* ViewModel.swift in Sources */,
				CE0C18E329A1CF9F00B4D582 /* CoreDataStack.swift in Sources */,
				CE2D8201299CFA62006B648C /* ProductListingCollectionView.swift in Sources */,
				CE3F836D299F4B4D004FCDFD /* StoreDataModel.xcdatamodeld in Sources */,
				CE3F8326299DD1BF004FCDFD /* ProductCollectionViewCell.swift in Sources */,
				CE686D4A299CC0A30067EDFF /* DataWrapper.swift in Sources */,
			);
			runOnlyForDeploymentPostprocessing = 0;
		};
		CE7D33D6299A5BCA003158E6 /* Sources */ = {
			isa = PBXSourcesBuildPhase;
			buildActionMask = 2147483647;
			files = (
				CE0C18EA29A22CE400B4D582 /* StoreDataModel.xcdatamodeld in Sources */,
				CE5C92BB29A09EB900AB3B9D /* CoreDataHelper.swift in Sources */,
				CE0C18E629A22A7F00B4D582 /* grocer_storeTestCoreDataStack.swift in Sources */,
				CE7D33DF299A5BCA003158E6 /* grocer_storeTests.swift in Sources */,
				CE5C92BA29A09E4500AB3B9D /* TestCoreDataStack.swift in Sources */,
				CE0C18EB29A22FEF00B4D582 /* DataWrapper.swift in Sources */,
				CE0C18E929A22B9F00B4D582 /* Item.swift in Sources */,
				CE0C18EC29A22FF300B4D582 /* AppUtilities.swift in Sources */,
				CE0C18E729A22B9A00B4D582 /* StoreResponse.swift in Sources */,
				CE0C18E429A229E300B4D582 /* CoreDataStack.swift in Sources */,
				CE0C18E829A22B9D00B4D582 /* StoreData.swift in Sources */,
			);
			runOnlyForDeploymentPostprocessing = 0;
		};
		CE7D33E0299A5BCB003158E6 /* Sources */ = {
			isa = PBXSourcesBuildPhase;
			buildActionMask = 2147483647;
			files = (
				CE7D33EB299A5BCB003158E6 /* grocer_storeUITestsLaunchTests.swift in Sources */,
				CE7D33E9299A5BCB003158E6 /* grocer_storeUITests.swift in Sources */,
				CE3ED12029A7079E0053228E /* grocer_storeSearchUITests.swift in Sources */,
			);
			runOnlyForDeploymentPostprocessing = 0;
		};
/* End PBXSourcesBuildPhase section */

/* Begin PBXTargetDependency section */
		CE7D33DC299A5BCA003158E6 /* PBXTargetDependency */ = {
			isa = PBXTargetDependency;
			target = CE7D33C3299A5BC9003158E6 /* grocer_store */;
			targetProxy = CE7D33DB299A5BCA003158E6 /* PBXContainerItemProxy */;
		};
		CE7D33E6299A5BCB003158E6 /* PBXTargetDependency */ = {
			isa = PBXTargetDependency;
			target = CE7D33C3299A5BC9003158E6 /* grocer_store */;
			targetProxy = CE7D33E5299A5BCB003158E6 /* PBXContainerItemProxy */;
		};
/* End PBXTargetDependency section */

/* Begin PBXVariantGroup section */
		CE7D33D2299A5BCA003158E6 /* LaunchScreen.storyboard */ = {
			isa = PBXVariantGroup;
			children = (
				CE7D33D3299A5BCA003158E6 /* Base */,
			);
			name = LaunchScreen.storyboard;
			sourceTree = "<group>";
		};
/* End PBXVariantGroup section */

/* Begin XCBuildConfiguration section */
		CE7D33EC299A5BCB003158E6 /* Debug */ = {
			isa = XCBuildConfiguration;
			buildSettings = {
				ALWAYS_SEARCH_USER_PATHS = NO;
				CLANG_ANALYZER_NONNULL = YES;
				CLANG_ANALYZER_NUMBER_OBJECT_CONVERSION = YES_AGGRESSIVE;
				CLANG_CXX_LANGUAGE_STANDARD = "gnu++20";
				CLANG_ENABLE_MODULES = YES;
				CLANG_ENABLE_OBJC_ARC = YES;
				CLANG_ENABLE_OBJC_WEAK = YES;
				CLANG_WARN_BLOCK_CAPTURE_AUTORELEASING = YES;
				CLANG_WARN_BOOL_CONVERSION = YES;
				CLANG_WARN_COMMA = YES;
				CLANG_WARN_CONSTANT_CONVERSION = YES;
				CLANG_WARN_DEPRECATED_OBJC_IMPLEMENTATIONS = YES;
				CLANG_WARN_DIRECT_OBJC_ISA_USAGE = YES_ERROR;
				CLANG_WARN_DOCUMENTATION_COMMENTS = YES;
				CLANG_WARN_EMPTY_BODY = YES;
				CLANG_WARN_ENUM_CONVERSION = YES;
				CLANG_WARN_INFINITE_RECURSION = YES;
				CLANG_WARN_INT_CONVERSION = YES;
				CLANG_WARN_NON_LITERAL_NULL_CONVERSION = YES;
				CLANG_WARN_OBJC_IMPLICIT_RETAIN_SELF = YES;
				CLANG_WARN_OBJC_LITERAL_CONVERSION = YES;
				CLANG_WARN_OBJC_ROOT_CLASS = YES_ERROR;
				CLANG_WARN_QUOTED_INCLUDE_IN_FRAMEWORK_HEADER = YES;
				CLANG_WARN_RANGE_LOOP_ANALYSIS = YES;
				CLANG_WARN_STRICT_PROTOTYPES = YES;
				CLANG_WARN_SUSPICIOUS_MOVE = YES;
				CLANG_WARN_UNGUARDED_AVAILABILITY = YES_AGGRESSIVE;
				CLANG_WARN_UNREACHABLE_CODE = YES;
				CLANG_WARN__DUPLICATE_METHOD_MATCH = YES;
				COPY_PHASE_STRIP = NO;
				DEBUG_INFORMATION_FORMAT = dwarf;
				ENABLE_STRICT_OBJC_MSGSEND = YES;
				ENABLE_TESTABILITY = YES;
				GCC_C_LANGUAGE_STANDARD = gnu11;
				GCC_DYNAMIC_NO_PIC = NO;
				GCC_NO_COMMON_BLOCKS = YES;
				GCC_OPTIMIZATION_LEVEL = 0;
				GCC_PREPROCESSOR_DEFINITIONS = (
					"DEBUG=1",
					"$(inherited)",
				);
				GCC_WARN_64_TO_32_BIT_CONVERSION = YES;
				GCC_WARN_ABOUT_RETURN_TYPE = YES_ERROR;
				GCC_WARN_UNDECLARED_SELECTOR = YES;
				GCC_WARN_UNINITIALIZED_AUTOS = YES_AGGRESSIVE;
				GCC_WARN_UNUSED_FUNCTION = YES;
				GCC_WARN_UNUSED_VARIABLE = YES;
				IPHONEOS_DEPLOYMENT_TARGET = 16.1;
				MTL_ENABLE_DEBUG_INFO = INCLUDE_SOURCE;
				MTL_FAST_MATH = YES;
				ONLY_ACTIVE_ARCH = YES;
				SDKROOT = iphoneos;
				SWIFT_ACTIVE_COMPILATION_CONDITIONS = DEBUG;
				SWIFT_OPTIMIZATION_LEVEL = "-Onone";
			};
			name = Debug;
		};
		CE7D33ED299A5BCB003158E6 /* Release */ = {
			isa = XCBuildConfiguration;
			buildSettings = {
				ALWAYS_SEARCH_USER_PATHS = NO;
				CLANG_ANALYZER_NONNULL = YES;
				CLANG_ANALYZER_NUMBER_OBJECT_CONVERSION = YES_AGGRESSIVE;
				CLANG_CXX_LANGUAGE_STANDARD = "gnu++20";
				CLANG_ENABLE_MODULES = YES;
				CLANG_ENABLE_OBJC_ARC = YES;
				CLANG_ENABLE_OBJC_WEAK = YES;
				CLANG_WARN_BLOCK_CAPTURE_AUTORELEASING = YES;
				CLANG_WARN_BOOL_CONVERSION = YES;
				CLANG_WARN_COMMA = YES;
				CLANG_WARN_CONSTANT_CONVERSION = YES;
				CLANG_WARN_DEPRECATED_OBJC_IMPLEMENTATIONS = YES;
				CLANG_WARN_DIRECT_OBJC_ISA_USAGE = YES_ERROR;
				CLANG_WARN_DOCUMENTATION_COMMENTS = YES;
				CLANG_WARN_EMPTY_BODY = YES;
				CLANG_WARN_ENUM_CONVERSION = YES;
				CLANG_WARN_INFINITE_RECURSION = YES;
				CLANG_WARN_INT_CONVERSION = YES;
				CLANG_WARN_NON_LITERAL_NULL_CONVERSION = YES;
				CLANG_WARN_OBJC_IMPLICIT_RETAIN_SELF = YES;
				CLANG_WARN_OBJC_LITERAL_CONVERSION = YES;
				CLANG_WARN_OBJC_ROOT_CLASS = YES_ERROR;
				CLANG_WARN_QUOTED_INCLUDE_IN_FRAMEWORK_HEADER = YES;
				CLANG_WARN_RANGE_LOOP_ANALYSIS = YES;
				CLANG_WARN_STRICT_PROTOTYPES = YES;
				CLANG_WARN_SUSPICIOUS_MOVE = YES;
				CLANG_WARN_UNGUARDED_AVAILABILITY = YES_AGGRESSIVE;
				CLANG_WARN_UNREACHABLE_CODE = YES;
				CLANG_WARN__DUPLICATE_METHOD_MATCH = YES;
				COPY_PHASE_STRIP = NO;
				DEBUG_INFORMATION_FORMAT = "dwarf-with-dsym";
				ENABLE_NS_ASSERTIONS = NO;
				ENABLE_STRICT_OBJC_MSGSEND = YES;
				GCC_C_LANGUAGE_STANDARD = gnu11;
				GCC_NO_COMMON_BLOCKS = YES;
				GCC_WARN_64_TO_32_BIT_CONVERSION = YES;
				GCC_WARN_ABOUT_RETURN_TYPE = YES_ERROR;
				GCC_WARN_UNDECLARED_SELECTOR = YES;
				GCC_WARN_UNINITIALIZED_AUTOS = YES_AGGRESSIVE;
				GCC_WARN_UNUSED_FUNCTION = YES;
				GCC_WARN_UNUSED_VARIABLE = YES;
				IPHONEOS_DEPLOYMENT_TARGET = 16.1;
				MTL_ENABLE_DEBUG_INFO = NO;
				MTL_FAST_MATH = YES;
				SDKROOT = iphoneos;
				SWIFT_COMPILATION_MODE = wholemodule;
				SWIFT_OPTIMIZATION_LEVEL = "-O";
				VALIDATE_PRODUCT = YES;
			};
			name = Release;
		};
		CE7D33EF299A5BCB003158E6 /* Debug */ = {
			isa = XCBuildConfiguration;
			baseConfigurationReference = 7B74CC13F32C8A737BEA042E /* Pods-grocer_store.debug.xcconfig */;
			buildSettings = {
				ASSETCATALOG_COMPILER_APPICON_NAME = AppIcon;
				ASSETCATALOG_COMPILER_GLOBAL_ACCENT_COLOR_NAME = AccentColor;
				CODE_SIGN_STYLE = Automatic;
				CURRENT_PROJECT_VERSION = 1;
				DEVELOPMENT_TEAM = LL99QT3UQK;
				GENERATE_INFOPLIST_FILE = YES;
				INFOPLIST_FILE = grocer_store/Info.plist;
				INFOPLIST_KEY_UIApplicationSupportsIndirectInputEvents = YES;
				INFOPLIST_KEY_UILaunchStoryboardName = LaunchScreen;
				INFOPLIST_KEY_UIMainStoryboardFile = "";
				INFOPLIST_KEY_UISupportedInterfaceOrientations_iPad = "UIInterfaceOrientationPortrait UIInterfaceOrientationPortraitUpsideDown UIInterfaceOrientationLandscapeLeft UIInterfaceOrientationLandscapeRight";
				INFOPLIST_KEY_UISupportedInterfaceOrientations_iPhone = "UIInterfaceOrientationPortrait UIInterfaceOrientationLandscapeLeft UIInterfaceOrientationLandscapeRight";
				LD_RUNPATH_SEARCH_PATHS = (
					"$(inherited)",
					"@executable_path/Frameworks",
				);
				MARKETING_VERSION = 1.0;
				PRODUCT_BUNDLE_IDENTIFIER = "com.cc.grocer-store";
				PRODUCT_NAME = "$(TARGET_NAME)";
				SWIFT_EMIT_LOC_STRINGS = YES;
				SWIFT_VERSION = 5.0;
				TARGETED_DEVICE_FAMILY = "1,2";
			};
			name = Debug;
		};
		CE7D33F0299A5BCB003158E6 /* Release */ = {
			isa = XCBuildConfiguration;
			baseConfigurationReference = A6D7BEC8F2C5892128CB7DBC /* Pods-grocer_store.release.xcconfig */;
			buildSettings = {
				ASSETCATALOG_COMPILER_APPICON_NAME = AppIcon;
				ASSETCATALOG_COMPILER_GLOBAL_ACCENT_COLOR_NAME = AccentColor;
				CODE_SIGN_STYLE = Automatic;
				CURRENT_PROJECT_VERSION = 1;
				DEVELOPMENT_TEAM = LL99QT3UQK;
				GENERATE_INFOPLIST_FILE = YES;
				INFOPLIST_FILE = grocer_store/Info.plist;
				INFOPLIST_KEY_UIApplicationSupportsIndirectInputEvents = YES;
				INFOPLIST_KEY_UILaunchStoryboardName = LaunchScreen;
				INFOPLIST_KEY_UIMainStoryboardFile = "";
				INFOPLIST_KEY_UISupportedInterfaceOrientations_iPad = "UIInterfaceOrientationPortrait UIInterfaceOrientationPortraitUpsideDown UIInterfaceOrientationLandscapeLeft UIInterfaceOrientationLandscapeRight";
				INFOPLIST_KEY_UISupportedInterfaceOrientations_iPhone = "UIInterfaceOrientationPortrait UIInterfaceOrientationLandscapeLeft UIInterfaceOrientationLandscapeRight";
				LD_RUNPATH_SEARCH_PATHS = (
					"$(inherited)",
					"@executable_path/Frameworks",
				);
				MARKETING_VERSION = 1.0;
				PRODUCT_BUNDLE_IDENTIFIER = "com.cc.grocer-store";
				PRODUCT_NAME = "$(TARGET_NAME)";
				SWIFT_EMIT_LOC_STRINGS = YES;
				SWIFT_VERSION = 5.0;
				TARGETED_DEVICE_FAMILY = "1,2";
			};
			name = Release;
		};
		CE7D33F2299A5BCB003158E6 /* Debug */ = {
			isa = XCBuildConfiguration;
			baseConfigurationReference = 00EB64B96D1E27A174CCBBF5 /* Pods-grocer_storeTests.debug.xcconfig */;
			buildSettings = {
				ALWAYS_EMBED_SWIFT_STANDARD_LIBRARIES = YES;
				BUNDLE_LOADER = "$(TEST_HOST)";
				CODE_SIGN_STYLE = Automatic;
				CURRENT_PROJECT_VERSION = 1;
				DEVELOPMENT_TEAM = LL99QT3UQK;
				GENERATE_INFOPLIST_FILE = YES;
				IPHONEOS_DEPLOYMENT_TARGET = 16.1;
				MARKETING_VERSION = 1.0;
				PRODUCT_BUNDLE_IDENTIFIER = "com.cc.grocer-storeTests";
				PRODUCT_NAME = "$(TARGET_NAME)";
				SWIFT_EMIT_LOC_STRINGS = NO;
				SWIFT_VERSION = 5.0;
				TARGETED_DEVICE_FAMILY = "1,2";
				TEST_HOST = "$(BUILT_PRODUCTS_DIR)/grocer_store.app/$(BUNDLE_EXECUTABLE_FOLDER_PATH)/grocer_store";
			};
			name = Debug;
		};
		CE7D33F3299A5BCB003158E6 /* Release */ = {
			isa = XCBuildConfiguration;
			baseConfigurationReference = 3D29DF3F385BEE38E00637DB /* Pods-grocer_storeTests.release.xcconfig */;
			buildSettings = {
				ALWAYS_EMBED_SWIFT_STANDARD_LIBRARIES = YES;
				BUNDLE_LOADER = "$(TEST_HOST)";
				CODE_SIGN_STYLE = Automatic;
				CURRENT_PROJECT_VERSION = 1;
				DEVELOPMENT_TEAM = LL99QT3UQK;
				GENERATE_INFOPLIST_FILE = YES;
				IPHONEOS_DEPLOYMENT_TARGET = 16.1;
				MARKETING_VERSION = 1.0;
				PRODUCT_BUNDLE_IDENTIFIER = "com.cc.grocer-storeTests";
				PRODUCT_NAME = "$(TARGET_NAME)";
				SWIFT_EMIT_LOC_STRINGS = NO;
				SWIFT_VERSION = 5.0;
				TARGETED_DEVICE_FAMILY = "1,2";
				TEST_HOST = "$(BUILT_PRODUCTS_DIR)/grocer_store.app/$(BUNDLE_EXECUTABLE_FOLDER_PATH)/grocer_store";
			};
			name = Release;
		};
		CE7D33F5299A5BCB003158E6 /* Debug */ = {
			isa = XCBuildConfiguration;
			baseConfigurationReference = 72B9EF275E3934EEF1E98DAE /* Pods-grocer_store-grocer_storeUITests.debug.xcconfig */;
			buildSettings = {
				ALWAYS_EMBED_SWIFT_STANDARD_LIBRARIES = YES;
				CODE_SIGN_STYLE = Automatic;
				CURRENT_PROJECT_VERSION = 1;
				DEVELOPMENT_TEAM = 6V3BUVKJ5R;
				GENERATE_INFOPLIST_FILE = YES;
				MARKETING_VERSION = 1.0;
				PRODUCT_BUNDLE_IDENTIFIER = "com.cc.grocer-storeUITests";
				PRODUCT_NAME = "$(TARGET_NAME)";
				SWIFT_EMIT_LOC_STRINGS = NO;
				SWIFT_VERSION = 5.0;
				TARGETED_DEVICE_FAMILY = "1,2";
				TEST_TARGET_NAME = grocer_store;
			};
			name = Debug;
		};
		CE7D33F6299A5BCB003158E6 /* Release */ = {
			isa = XCBuildConfiguration;
			baseConfigurationReference = B7393872E9BFCD889918B6EC /* Pods-grocer_store-grocer_storeUITests.release.xcconfig */;
			buildSettings = {
				ALWAYS_EMBED_SWIFT_STANDARD_LIBRARIES = YES;
				CODE_SIGN_STYLE = Automatic;
				CURRENT_PROJECT_VERSION = 1;
				DEVELOPMENT_TEAM = 6V3BUVKJ5R;
				GENERATE_INFOPLIST_FILE = YES;
				MARKETING_VERSION = 1.0;
				PRODUCT_BUNDLE_IDENTIFIER = "com.cc.grocer-storeUITests";
				PRODUCT_NAME = "$(TARGET_NAME)";
				SWIFT_EMIT_LOC_STRINGS = NO;
				SWIFT_VERSION = 5.0;
				TARGETED_DEVICE_FAMILY = "1,2";
				TEST_TARGET_NAME = grocer_store;
			};
			name = Release;
		};
/* End XCBuildConfiguration section */

/* Begin XCConfigurationList section */
		CE7D33BF299A5BC9003158E6 /* Build configuration list for PBXProject "grocer_store" */ = {
			isa = XCConfigurationList;
			buildConfigurations = (
				CE7D33EC299A5BCB003158E6 /* Debug */,
				CE7D33ED299A5BCB003158E6 /* Release */,
			);
			defaultConfigurationIsVisible = 0;
			defaultConfigurationName = Release;
		};
		CE7D33EE299A5BCB003158E6 /* Build configuration list for PBXNativeTarget "grocer_store" */ = {
			isa = XCConfigurationList;
			buildConfigurations = (
				CE7D33EF299A5BCB003158E6 /* Debug */,
				CE7D33F0299A5BCB003158E6 /* Release */,
			);
			defaultConfigurationIsVisible = 0;
			defaultConfigurationName = Release;
		};
		CE7D33F1299A5BCB003158E6 /* Build configuration list for PBXNativeTarget "grocer_storeTests" */ = {
			isa = XCConfigurationList;
			buildConfigurations = (
				CE7D33F2299A5BCB003158E6 /* Debug */,
				CE7D33F3299A5BCB003158E6 /* Release */,
			);
			defaultConfigurationIsVisible = 0;
			defaultConfigurationName = Release;
		};
		CE7D33F4299A5BCB003158E6 /* Build configuration list for PBXNativeTarget "grocer_storeUITests" */ = {
			isa = XCConfigurationList;
			buildConfigurations = (
				CE7D33F5299A5BCB003158E6 /* Debug */,
				CE7D33F6299A5BCB003158E6 /* Release */,
			);
			defaultConfigurationIsVisible = 0;
			defaultConfigurationName = Release;
		};
/* End XCConfigurationList section */

/* Begin XCVersionGroup section */
		CE3F836B299F4B4D004FCDFD /* StoreDataModel.xcdatamodeld */ = {
			isa = XCVersionGroup;
			children = (
				CE3F836C299F4B4D004FCDFD /* StoreDataModel.xcdatamodel */,
			);
			currentVersion = CE3F836C299F4B4D004FCDFD /* StoreDataModel.xcdatamodel */;
			path = StoreDataModel.xcdatamodeld;
			sourceTree = "<group>";
			versionGroupType = wrapper.xcdatamodel;
		};
/* End XCVersionGroup section */
	};
	rootObject = CE7D33BC299A5BC9003158E6 /* Project object */;
}
