// !$*UTF8*$!
{
	archiveVersion = 1;
	classes = {
	};
	objectVersion = 56;
	objects = {

/* Begin PBXBuildFile section */
		CE7653D8299B5DAB00C07969 /* Item.swift in Sources */ = {isa = PBXBuildFile; fileRef = CE7653D7299B5DAB00C07969 /* Item.swift */; };
		CE7653DA299B5E9E00C07969 /* StoreResponse.swift in Sources */ = {isa = PBXBuildFile; fileRef = CE7653D9299B5E9E00C07969 /* StoreResponse.swift */; };
		CE7653DC299B9ECA00C07969 /* StoreData.swift in Sources */ = {isa = PBXBuildFile; fileRef = CE7653DB299B9ECA00C07969 /* StoreData.swift */; };
		CE7653DF299BA21A00C07969 /* UrlConstants.swift in Sources */ = {isa = PBXBuildFile; fileRef = CE7653DE299BA21A00C07969 /* UrlConstants.swift */; };
		CE7653E1299BA27C00C07969 /* NetworkClient.swift in Sources */ = {isa = PBXBuildFile; fileRef = CE7653E0299BA27C00C07969 /* NetworkClient.swift */; };
		CE7653E3299BA60F00C07969 /* ApiService.swift in Sources */ = {isa = PBXBuildFile; fileRef = CE7653E2299BA60F00C07969 /* ApiService.swift */; };
		CE7653E5299BB22300C07969 /* DataWrapper.swift in Sources */ = {isa = PBXBuildFile; fileRef = CE7653E4299BB22300C07969 /* DataWrapper.swift */; };
		CE7653E8299BB2D700C07969 /* ViewModel.swift in Sources */ = {isa = PBXBuildFile; fileRef = CE7653E7299BB2D700C07969 /* ViewModel.swift */; };
		CE7D33C8299A5BC9003158E6 /* AppDelegate.swift in Sources */ = {isa = PBXBuildFile; fileRef = CE7D33C7299A5BC9003158E6 /* AppDelegate.swift */; };
		CE7D33CA299A5BC9003158E6 /* SceneDelegate.swift in Sources */ = {isa = PBXBuildFile; fileRef = CE7D33C9299A5BC9003158E6 /* SceneDelegate.swift */; };
		CE7D33CC299A5BC9003158E6 /* ViewController.swift in Sources */ = {isa = PBXBuildFile; fileRef = CE7D33CB299A5BC9003158E6 /* ViewController.swift */; };
		CE7D33D1299A5BCA003158E6 /* Assets.xcassets in Resources */ = {isa = PBXBuildFile; fileRef = CE7D33D0299A5BCA003158E6 /* Assets.xcassets */; };
		CE7D33D4299A5BCA003158E6 /* LaunchScreen.storyboard in Resources */ = {isa = PBXBuildFile; fileRef = CE7D33D2299A5BCA003158E6 /* LaunchScreen.storyboard */; };
		CE7D33DF299A5BCA003158E6 /* grocer_storeTests.swift in Sources */ = {isa = PBXBuildFile; fileRef = CE7D33DE299A5BCA003158E6 /* grocer_storeTests.swift */; };
		CE7D33E9299A5BCB003158E6 /* grocer_storeUITests.swift in Sources */ = {isa = PBXBuildFile; fileRef = CE7D33E8299A5BCB003158E6 /* grocer_storeUITests.swift */; };
		CE7D33EB299A5BCB003158E6 /* grocer_storeUITestsLaunchTests.swift in Sources */ = {isa = PBXBuildFile; fileRef = CE7D33EA299A5BCB003158E6 /* grocer_storeUITestsLaunchTests.swift */; };
/* End PBXBuildFile section */

/* Begin PBXContainerItemProxy section */
		CE7D33DB299A5BCA003158E6 /* PBXContainerItemProxy */ = {
			isa = PBXContainerItemProxy;
			containerPortal = CE7D33BC299A5BC9003158E6 /* Project object */;
			proxyType = 1;
			remoteGlobalIDString = CE7D33C3299A5BC9003158E6;
			remoteInfo = grocer_store;
		};
		CE7D33E5299A5BCB003158E6 /* PBXContainerItemProxy */ = {
			isa = PBXContainerItemProxy;
			containerPortal = CE7D33BC299A5BC9003158E6 /* Project object */;
			proxyType = 1;
			remoteGlobalIDString = CE7D33C3299A5BC9003158E6;
			remoteInfo = grocer_store;
		};
/* End PBXContainerItemProxy section */

/* Begin PBXFileReference section */
		CE7653D7299B5DAB00C07969 /* Item.swift */ = {isa = PBXFileReference; lastKnownFileType = sourcecode.swift; path = Item.swift; sourceTree = "<group>"; };
		CE7653D9299B5E9E00C07969 /* StoreResponse.swift */ = {isa = PBXFileReference; lastKnownFileType = sourcecode.swift; path = StoreResponse.swift; sourceTree = "<group>"; };
		CE7653DB299B9ECA00C07969 /* StoreData.swift */ = {isa = PBXFileReference; lastKnownFileType = sourcecode.swift; path = StoreData.swift; sourceTree = "<group>"; };
		CE7653DE299BA21A00C07969 /* UrlConstants.swift */ = {isa = PBXFileReference; lastKnownFileType = sourcecode.swift; path = UrlConstants.swift; sourceTree = "<group>"; };
		CE7653E0299BA27C00C07969 /* NetworkClient.swift */ = {isa = PBXFileReference; lastKnownFileType = sourcecode.swift; path = NetworkClient.swift; sourceTree = "<group>"; };
		CE7653E2299BA60F00C07969 /* ApiService.swift */ = {isa = PBXFileReference; lastKnownFileType = sourcecode.swift; path = ApiService.swift; sourceTree = "<group>"; };
		CE7653E4299BB22300C07969 /* DataWrapper.swift */ = {isa = PBXFileReference; lastKnownFileType = sourcecode.swift; path = DataWrapper.swift; sourceTree = "<group>"; };
		CE7653E7299BB2D700C07969 /* ViewModel.swift */ = {isa = PBXFileReference; lastKnownFileType = sourcecode.swift; path = ViewModel.swift; sourceTree = "<group>"; };
		CE7D33C4299A5BC9003158E6 /* grocer_store.app */ = {isa = PBXFileReference; explicitFileType = wrapper.application; includeInIndex = 0; path = grocer_store.app; sourceTree = BUILT_PRODUCTS_DIR; };
		CE7D33C7299A5BC9003158E6 /* AppDelegate.swift */ = {isa = PBXFileReference; lastKnownFileType = sourcecode.swift; path = AppDelegate.swift; sourceTree = "<group>"; };
		CE7D33C9299A5BC9003158E6 /* SceneDelegate.swift */ = {isa = PBXFileReference; lastKnownFileType = sourcecode.swift; path = SceneDelegate.swift; sourceTree = "<group>"; };
		CE7D33CB299A5BC9003158E6 /* ViewController.swift */ = {isa = PBXFileReference; lastKnownFileType = sourcecode.swift; path = ViewController.swift; sourceTree = "<group>"; };
		CE7D33D0299A5BCA003158E6 /* Assets.xcassets */ = {isa = PBXFileReference; lastKnownFileType = folder.assetcatalog; path = Assets.xcassets; sourceTree = "<group>"; };
		CE7D33D3299A5BCA003158E6 /* Base */ = {isa = PBXFileReference; lastKnownFileType = file.storyboard; name = Base; path = Base.lproj/LaunchScreen.storyboard; sourceTree = "<group>"; };
		CE7D33D5299A5BCA003158E6 /* Info.plist */ = {isa = PBXFileReference; lastKnownFileType = text.plist.xml; path = Info.plist; sourceTree = "<group>"; };
		CE7D33DA299A5BCA003158E6 /* grocer_storeTests.xctest */ = {isa = PBXFileReference; explicitFileType = wrapper.cfbundle; includeInIndex = 0; path = grocer_storeTests.xctest; sourceTree = BUILT_PRODUCTS_DIR; };
		CE7D33DE299A5BCA003158E6 /* grocer_storeTests.swift */ = {isa = PBXFileReference; lastKnownFileType = sourcecode.swift; path = grocer_storeTests.swift; sourceTree = "<group>"; };
		CE7D33E4299A5BCB003158E6 /* grocer_storeUITests.xctest */ = {isa = PBXFileReference; explicitFileType = wrapper.cfbundle; includeInIndex = 0; path = grocer_storeUITests.xctest; sourceTree = BUILT_PRODUCTS_DIR; };
		CE7D33E8299A5BCB003158E6 /* grocer_storeUITests.swift */ = {isa = PBXFileReference; lastKnownFileType = sourcecode.swift; path = grocer_storeUITests.swift; sourceTree = "<group>"; };
		CE7D33EA299A5BCB003158E6 /* grocer_storeUITestsLaunchTests.swift */ = {isa = PBXFileReference; lastKnownFileType = sourcecode.swift; path = grocer_storeUITestsLaunchTests.swift; sourceTree = "<group>"; };
/* End PBXFileReference section */

/* Begin PBXFrameworksBuildPhase section */
		CE7D33C1299A5BC9003158E6 /* Frameworks */ = {
			isa = PBXFrameworksBuildPhase;
			buildActionMask = 2147483647;
			files = (
			);
			runOnlyForDeploymentPostprocessing = 0;
		};
		CE7D33D7299A5BCA003158E6 /* Frameworks */ = {
			isa = PBXFrameworksBuildPhase;
			buildActionMask = 2147483647;
			files = (
			);
			runOnlyForDeploymentPostprocessing = 0;
		};
		CE7D33E1299A5BCB003158E6 /* Frameworks */ = {
			isa = PBXFrameworksBuildPhase;
			buildActionMask = 2147483647;
			files = (
			);
			runOnlyForDeploymentPostprocessing = 0;
		};
/* End PBXFrameworksBuildPhase section */

/* Begin PBXGroup section */
		CE7653D6299B5D9500C07969 /* Model */ = {
			isa = PBXGroup;
			children = (
				CE7653D7299B5DAB00C07969 /* Item.swift */,
				CE7653D9299B5E9E00C07969 /* StoreResponse.swift */,
				CE7653DB299B9ECA00C07969 /* StoreData.swift */,
			);
			path = Model;
			sourceTree = "<group>";
		};
		CE7653DD299BA20700C07969 /* Networking */ = {
			isa = PBXGroup;
			children = (
				CE7653DE299BA21A00C07969 /* UrlConstants.swift */,
				CE7653E0299BA27C00C07969 /* NetworkClient.swift */,
				CE7653E2299BA60F00C07969 /* ApiService.swift */,
				CE7653E4299BB22300C07969 /* DataWrapper.swift */,
			);
			path = Networking;
			sourceTree = "<group>";
		};
		CE7653E6299BB2C100C07969 /* ViewModel */ = {
			isa = PBXGroup;
			children = (
				CE7653E7299BB2D700C07969 /* ViewModel.swift */,
			);
			path = ViewModel;
			sourceTree = "<group>";
		};
		CE7D33BB299A5BC9003158E6 = {
			isa = PBXGroup;
			children = (
				CE7D33C6299A5BC9003158E6 /* grocer_store */,
				CE7D33DD299A5BCA003158E6 /* grocer_storeTests */,
				CE7D33E7299A5BCB003158E6 /* grocer_storeUITests */,
				CE7D33C5299A5BC9003158E6 /* Products */,
			);
			sourceTree = "<group>";
		};
		CE7D33C5299A5BC9003158E6 /* Products */ = {
			isa = PBXGroup;
			children = (
				CE7D33C4299A5BC9003158E6 /* grocer_store.app */,
				CE7D33DA299A5BCA003158E6 /* grocer_storeTests.xctest */,
				CE7D33E4299A5BCB003158E6 /* grocer_storeUITests.xctest */,
			);
			name = Products;
			sourceTree = "<group>";
		};
		CE7D33C6299A5BC9003158E6 /* grocer_store */ = {
			isa = PBXGroup;
			children = (
				CE7653E6299BB2C100C07969 /* ViewModel */,
				CE7653DD299BA20700C07969 /* Networking */,
				CE7653D6299B5D9500C07969 /* Model */,
				CE7D33C7299A5BC9003158E6 /* AppDelegate.swift */,
				CE7D33C9299A5BC9003158E6 /* SceneDelegate.swift */,
				CE7D33CB299A5BC9003158E6 /* ViewController.swift */,
				CE7D33D0299A5BCA003158E6 /* Assets.xcassets */,
				CE7D33D2299A5BCA003158E6 /* LaunchScreen.storyboard */,
				CE7D33D5299A5BCA003158E6 /* Info.plist */,
			);
			path = grocer_store;
			sourceTree = "<group>";
		};
		CE7D33DD299A5BCA003158E6 /* grocer_storeTests */ = {
			isa = PBXGroup;
			children = (
				CE7D33DE299A5BCA003158E6 /* grocer_storeTests.swift */,
			);
			path = grocer_storeTests;
			sourceTree = "<group>";
		};
		CE7D33E7299A5BCB003158E6 /* grocer_storeUITests */ = {
			isa = PBXGroup;
			children = (
				CE7D33E8299A5BCB003158E6 /* grocer_storeUITests.swift */,
				CE7D33EA299A5BCB003158E6 /* grocer_storeUITestsLaunchTests.swift */,
			);
			path = grocer_storeUITests;
			sourceTree = "<group>";
		};
/* End PBXGroup section */

/* Begin PBXNativeTarget section */
		CE7D33C3299A5BC9003158E6 /* grocer_store */ = {
			isa = PBXNativeTarget;
			buildConfigurationList = CE7D33EE299A5BCB003158E6 /* Build configuration list for PBXNativeTarget "grocer_store" */;
			buildPhases = (
				CE7D33C0299A5BC9003158E6 /* Sources */,
				CE7D33C1299A5BC9003158E6 /* Frameworks */,
				CE7D33C2299A5BC9003158E6 /* Resources */,
			);
			buildRules = (
			);
			dependencies = (
			);
			name = grocer_store;
			productName = grocer_store;
			productReference = CE7D33C4299A5BC9003158E6 /* grocer_store.app */;
			productType = "com.apple.product-type.application";
		};
		CE7D33D9299A5BCA003158E6 /* grocer_storeTests */ = {
			isa = PBXNativeTarget;
			buildConfigurationList = CE7D33F1299A5BCB003158E6 /* Build configuration list for PBXNativeTarget "grocer_storeTests" */;
			buildPhases = (
				CE7D33D6299A5BCA003158E6 /* Sources */,
				CE7D33D7299A5BCA003158E6 /* Frameworks */,
				CE7D33D8299A5BCA003158E6 /* Resources */,
			);
			buildRules = (
			);
			dependencies = (
				CE7D33DC299A5BCA003158E6 /* PBXTargetDependency */,
			);
			name = grocer_storeTests;
			productName = grocer_storeTests;
			productReference = CE7D33DA299A5BCA003158E6 /* grocer_storeTests.xctest */;
			productType = "com.apple.product-type.bundle.unit-test";
		};
		CE7D33E3299A5BCB003158E6 /* grocer_storeUITests */ = {
			isa = PBXNativeTarget;
			buildConfigurationList = CE7D33F4299A5BCB003158E6 /* Build configuration list for PBXNativeTarget "grocer_storeUITests" */;
			buildPhases = (
				CE7D33E0299A5BCB003158E6 /* Sources */,
				CE7D33E1299A5BCB003158E6 /* Frameworks */,
				CE7D33E2299A5BCB003158E6 /* Resources */,
			);
			buildRules = (
			);
			dependencies = (
				CE7D33E6299A5BCB003158E6 /* PBXTargetDependency */,
			);
			name = grocer_storeUITests;
			productName = grocer_storeUITests;
			productReference = CE7D33E4299A5BCB003158E6 /* grocer_storeUITests.xctest */;
			productType = "com.apple.product-type.bundle.ui-testing";
		};
/* End PBXNativeTarget section */

/* Begin PBXProject section */
		CE7D33BC299A5BC9003158E6 /* Project object */ = {
			isa = PBXProject;
			attributes = {
				BuildIndependentTargetsInParallel = 1;
				LastSwiftUpdateCheck = 1410;
				LastUpgradeCheck = 1410;
				TargetAttributes = {
					CE7D33C3299A5BC9003158E6 = {
						CreatedOnToolsVersion = 14.1;
					};
					CE7D33D9299A5BCA003158E6 = {
						CreatedOnToolsVersion = 14.1;
						TestTargetID = CE7D33C3299A5BC9003158E6;
					};
					CE7D33E3299A5BCB003158E6 = {
						CreatedOnToolsVersion = 14.1;
						TestTargetID = CE7D33C3299A5BC9003158E6;
					};
				};
			};
			buildConfigurationList = CE7D33BF299A5BC9003158E6 /* Build configuration list for PBXProject "grocer_store" */;
			compatibilityVersion = "Xcode 14.0";
			developmentRegion = en;
			hasScannedForEncodings = 0;
			knownRegions = (
				en,
				Base,
			);
			mainGroup = CE7D33BB299A5BC9003158E6;
			productRefGroup = CE7D33C5299A5BC9003158E6 /* Products */;
			projectDirPath = "";
			projectRoot = "";
			targets = (
				CE7D33C3299A5BC9003158E6 /* grocer_store */,
				CE7D33D9299A5BCA003158E6 /* grocer_storeTests */,
				CE7D33E3299A5BCB003158E6 /* grocer_storeUITests */,
			);
		};
/* End PBXProject section */

/* Begin PBXResourcesBuildPhase section */
		CE7D33C2299A5BC9003158E6 /* Resources */ = {
			isa = PBXResourcesBuildPhase;
			buildActionMask = 2147483647;
			files = (
				CE7D33D4299A5BCA003158E6 /* LaunchScreen.storyboard in Resources */,
				CE7D33D1299A5BCA003158E6 /* Assets.xcassets in Resources */,
			);
			runOnlyForDeploymentPostprocessing = 0;
		};
		CE7D33D8299A5BCA003158E6 /* Resources */ = {
			isa = PBXResourcesBuildPhase;
			buildActionMask = 2147483647;
			files = (
			);
			runOnlyForDeploymentPostprocessing = 0;
		};
		CE7D33E2299A5BCB003158E6 /* Resources */ = {
			isa = PBXResourcesBuildPhase;
			buildActionMask = 2147483647;
			files = (
			);
			runOnlyForDeploymentPostprocessing = 0;
		};
/* End PBXResourcesBuildPhase section */

/* Begin PBXSourcesBuildPhase section */
		CE7D33C0299A5BC9003158E6 /* Sources */ = {
			isa = PBXSourcesBuildPhase;
			buildActionMask = 2147483647;
			files = (
				CE7653DF299BA21A00C07969 /* UrlConstants.swift in Sources */,
				CE7653DA299B5E9E00C07969 /* StoreResponse.swift in Sources */,
				CE7D33CC299A5BC9003158E6 /* ViewController.swift in Sources */,
				CE7653E8299BB2D700C07969 /* ViewModel.swift in Sources */,
				CE7D33C8299A5BC9003158E6 /* AppDelegate.swift in Sources */,
				CE7D33CA299A5BC9003158E6 /* SceneDelegate.swift in Sources */,
				CE7653E5299BB22300C07969 /* DataWrapper.swift in Sources */,
				CE7653E3299BA60F00C07969 /* ApiService.swift in Sources */,
				CE7653D8299B5DAB00C07969 /* Item.swift in Sources */,
				CE7653DC299B9ECA00C07969 /* StoreData.swift in Sources */,
				CE7653E1299BA27C00C07969 /* NetworkClient.swift in Sources */,
			);
			runOnlyForDeploymentPostprocessing = 0;
		};
		CE7D33D6299A5BCA003158E6 /* Sources */ = {
			isa = PBXSourcesBuildPhase;
			buildActionMask = 2147483647;
			files = (
				CE7D33DF299A5BCA003158E6 /* grocer_storeTests.swift in Sources */,
			);
			runOnlyForDeploymentPostprocessing = 0;
		};
		CE7D33E0299A5BCB003158E6 /* Sources */ = {
			isa = PBXSourcesBuildPhase;
			buildActionMask = 2147483647;
			files = (
				CE7D33EB299A5BCB003158E6 /* grocer_storeUITestsLaunchTests.swift in Sources */,
				CE7D33E9299A5BCB003158E6 /* grocer_storeUITests.swift in Sources */,
			);
			runOnlyForDeploymentPostprocessing = 0;
		};
/* End PBXSourcesBuildPhase section */

/* Begin PBXTargetDependency section */
		CE7D33DC299A5BCA003158E6 /* PBXTargetDependency */ = {
			isa = PBXTargetDependency;
			target = CE7D33C3299A5BC9003158E6 /* grocer_store */;
			targetProxy = CE7D33DB299A5BCA003158E6 /* PBXContainerItemProxy */;
		};
		CE7D33E6299A5BCB003158E6 /* PBXTargetDependency */ = {
			isa = PBXTargetDependency;
			target = CE7D33C3299A5BC9003158E6 /* grocer_store */;
			targetProxy = CE7D33E5299A5BCB003158E6 /* PBXContainerItemProxy */;
		};
/* End PBXTargetDependency section */

/* Begin PBXVariantGroup section */
		CE7D33D2299A5BCA003158E6 /* LaunchScreen.storyboard */ = {
			isa = PBXVariantGroup;
			children = (
				CE7D33D3299A5BCA003158E6 /* Base */,
			);
			name = LaunchScreen.storyboard;
			sourceTree = "<group>";
		};
/* End PBXVariantGroup section */

/* Begin XCBuildConfiguration section */
		CE7D33EC299A5BCB003158E6 /* Debug */ = {
			isa = XCBuildConfiguration;
			buildSettings = {
				ALWAYS_SEARCH_USER_PATHS = NO;
				CLANG_ANALYZER_NONNULL = YES;
				CLANG_ANALYZER_NUMBER_OBJECT_CONVERSION = YES_AGGRESSIVE;
				CLANG_CXX_LANGUAGE_STANDARD = "gnu++20";
				CLANG_ENABLE_MODULES = YES;
				CLANG_ENABLE_OBJC_ARC = YES;
				CLANG_ENABLE_OBJC_WEAK = YES;
				CLANG_WARN_BLOCK_CAPTURE_AUTORELEASING = YES;
				CLANG_WARN_BOOL_CONVERSION = YES;
				CLANG_WARN_COMMA = YES;
				CLANG_WARN_CONSTANT_CONVERSION = YES;
				CLANG_WARN_DEPRECATED_OBJC_IMPLEMENTATIONS = YES;
				CLANG_WARN_DIRECT_OBJC_ISA_USAGE = YES_ERROR;
				CLANG_WARN_DOCUMENTATION_COMMENTS = YES;
				CLANG_WARN_EMPTY_BODY = YES;
				CLANG_WARN_ENUM_CONVERSION = YES;
				CLANG_WARN_INFINITE_RECURSION = YES;
				CLANG_WARN_INT_CONVERSION = YES;
				CLANG_WARN_NON_LITERAL_NULL_CONVERSION = YES;
				CLANG_WARN_OBJC_IMPLICIT_RETAIN_SELF = YES;
				CLANG_WARN_OBJC_LITERAL_CONVERSION = YES;
				CLANG_WARN_OBJC_ROOT_CLASS = YES_ERROR;
				CLANG_WARN_QUOTED_INCLUDE_IN_FRAMEWORK_HEADER = YES;
				CLANG_WARN_RANGE_LOOP_ANALYSIS = YES;
				CLANG_WARN_STRICT_PROTOTYPES = YES;
				CLANG_WARN_SUSPICIOUS_MOVE = YES;
				CLANG_WARN_UNGUARDED_AVAILABILITY = YES_AGGRESSIVE;
				CLANG_WARN_UNREACHABLE_CODE = YES;
				CLANG_WARN__DUPLICATE_METHOD_MATCH = YES;
				COPY_PHASE_STRIP = NO;
				DEBUG_INFORMATION_FORMAT = dwarf;
				ENABLE_STRICT_OBJC_MSGSEND = YES;
				ENABLE_TESTABILITY = YES;
				GCC_C_LANGUAGE_STANDARD = gnu11;
				GCC_DYNAMIC_NO_PIC = NO;
				GCC_NO_COMMON_BLOCKS = YES;
				GCC_OPTIMIZATION_LEVEL = 0;
				GCC_PREPROCESSOR_DEFINITIONS = (
					"DEBUG=1",
					"$(inherited)",
				);
				GCC_WARN_64_TO_32_BIT_CONVERSION = YES;
				GCC_WARN_ABOUT_RETURN_TYPE = YES_ERROR;
				GCC_WARN_UNDECLARED_SELECTOR = YES;
				GCC_WARN_UNINITIALIZED_AUTOS = YES_AGGRESSIVE;
				GCC_WARN_UNUSED_FUNCTION = YES;
				GCC_WARN_UNUSED_VARIABLE = YES;
				IPHONEOS_DEPLOYMENT_TARGET = 16.1;
				MTL_ENABLE_DEBUG_INFO = INCLUDE_SOURCE;
				MTL_FAST_MATH = YES;
				ONLY_ACTIVE_ARCH = YES;
				SDKROOT = iphoneos;
				SWIFT_ACTIVE_COMPILATION_CONDITIONS = DEBUG;
				SWIFT_OPTIMIZATION_LEVEL = "-Onone";
			};
			name = Debug;
		};
		CE7D33ED299A5BCB003158E6 /* Release */ = {
			isa = XCBuildConfiguration;
			buildSettings = {
				ALWAYS_SEARCH_USER_PATHS = NO;
				CLANG_ANALYZER_NONNULL = YES;
				CLANG_ANALYZER_NUMBER_OBJECT_CONVERSION = YES_AGGRESSIVE;
				CLANG_CXX_LANGUAGE_STANDARD = "gnu++20";
				CLANG_ENABLE_MODULES = YES;
				CLANG_ENABLE_OBJC_ARC = YES;
				CLANG_ENABLE_OBJC_WEAK = YES;
				CLANG_WARN_BLOCK_CAPTURE_AUTORELEASING = YES;
				CLANG_WARN_BOOL_CONVERSION = YES;
				CLANG_WARN_COMMA = YES;
				CLANG_WARN_CONSTANT_CONVERSION = YES;
				CLANG_WARN_DEPRECATED_OBJC_IMPLEMENTATIONS = YES;
				CLANG_WARN_DIRECT_OBJC_ISA_USAGE = YES_ERROR;
				CLANG_WARN_DOCUMENTATION_COMMENTS = YES;
				CLANG_WARN_EMPTY_BODY = YES;
				CLANG_WARN_ENUM_CONVERSION = YES;
				CLANG_WARN_INFINITE_RECURSION = YES;
				CLANG_WARN_INT_CONVERSION = YES;
				CLANG_WARN_NON_LITERAL_NULL_CONVERSION = YES;
				CLANG_WARN_OBJC_IMPLICIT_RETAIN_SELF = YES;
				CLANG_WARN_OBJC_LITERAL_CONVERSION = YES;
				CLANG_WARN_OBJC_ROOT_CLASS = YES_ERROR;
				CLANG_WARN_QUOTED_INCLUDE_IN_FRAMEWORK_HEADER = YES;
				CLANG_WARN_RANGE_LOOP_ANALYSIS = YES;
				CLANG_WARN_STRICT_PROTOTYPES = YES;
				CLANG_WARN_SUSPICIOUS_MOVE = YES;
				CLANG_WARN_UNGUARDED_AVAILABILITY = YES_AGGRESSIVE;
				CLANG_WARN_UNREACHABLE_CODE = YES;
				CLANG_WARN__DUPLICATE_METHOD_MATCH = YES;
				COPY_PHASE_STRIP = NO;
				DEBUG_INFORMATION_FORMAT = "dwarf-with-dsym";
				ENABLE_NS_ASSERTIONS = NO;
				ENABLE_STRICT_OBJC_MSGSEND = YES;
				GCC_C_LANGUAGE_STANDARD = gnu11;
				GCC_NO_COMMON_BLOCKS = YES;
				GCC_WARN_64_TO_32_BIT_CONVERSION = YES;
				GCC_WARN_ABOUT_RETURN_TYPE = YES_ERROR;
				GCC_WARN_UNDECLARED_SELECTOR = YES;
				GCC_WARN_UNINITIALIZED_AUTOS = YES_AGGRESSIVE;
				GCC_WARN_UNUSED_FUNCTION = YES;
				GCC_WARN_UNUSED_VARIABLE = YES;
				IPHONEOS_DEPLOYMENT_TARGET = 16.1;
				MTL_ENABLE_DEBUG_INFO = NO;
				MTL_FAST_MATH = YES;
				SDKROOT = iphoneos;
				SWIFT_COMPILATION_MODE = wholemodule;
				SWIFT_OPTIMIZATION_LEVEL = "-O";
				VALIDATE_PRODUCT = YES;
			};
			name = Release;
		};
		CE7D33EF299A5BCB003158E6 /* Debug */ = {
			isa = XCBuildConfiguration;
			buildSettings = {
				ASSETCATALOG_COMPILER_APPICON_NAME = AppIcon;
				ASSETCATALOG_COMPILER_GLOBAL_ACCENT_COLOR_NAME = AccentColor;
				CODE_SIGN_STYLE = Automatic;
				CURRENT_PROJECT_VERSION = 1;
				DEVELOPMENT_TEAM = 6V3BUVKJ5R;
				GENERATE_INFOPLIST_FILE = YES;
				INFOPLIST_FILE = grocer_store/Info.plist;
				INFOPLIST_KEY_UIApplicationSupportsIndirectInputEvents = YES;
				INFOPLIST_KEY_UILaunchStoryboardName = LaunchScreen;
				INFOPLIST_KEY_UIMainStoryboardFile = "";
				INFOPLIST_KEY_UISupportedInterfaceOrientations_iPad = "UIInterfaceOrientationPortrait UIInterfaceOrientationPortraitUpsideDown UIInterfaceOrientationLandscapeLeft UIInterfaceOrientationLandscapeRight";
				INFOPLIST_KEY_UISupportedInterfaceOrientations_iPhone = "UIInterfaceOrientationPortrait UIInterfaceOrientationLandscapeLeft UIInterfaceOrientationLandscapeRight";
				LD_RUNPATH_SEARCH_PATHS = (
					"$(inherited)",
					"@executable_path/Frameworks",
				);
				MARKETING_VERSION = 1.0;
				PRODUCT_BUNDLE_IDENTIFIER = "com.cc.grocer-store";
				PRODUCT_NAME = "$(TARGET_NAME)";
				SWIFT_EMIT_LOC_STRINGS = YES;
				SWIFT_VERSION = 5.0;
				TARGETED_DEVICE_FAMILY = "1,2";
			};
			name = Debug;
		};
		CE7D33F0299A5BCB003158E6 /* Release */ = {
			isa = XCBuildConfiguration;
			buildSettings = {
				ASSETCATALOG_COMPILER_APPICON_NAME = AppIcon;
				ASSETCATALOG_COMPILER_GLOBAL_ACCENT_COLOR_NAME = AccentColor;
				CODE_SIGN_STYLE = Automatic;
				CURRENT_PROJECT_VERSION = 1;
				DEVELOPMENT_TEAM = 6V3BUVKJ5R;
				GENERATE_INFOPLIST_FILE = YES;
				INFOPLIST_FILE = grocer_store/Info.plist;
				INFOPLIST_KEY_UIApplicationSupportsIndirectInputEvents = YES;
				INFOPLIST_KEY_UILaunchStoryboardName = LaunchScreen;
				INFOPLIST_KEY_UIMainStoryboardFile = "";
				INFOPLIST_KEY_UISupportedInterfaceOrientations_iPad = "UIInterfaceOrientationPortrait UIInterfaceOrientationPortraitUpsideDown UIInterfaceOrientationLandscapeLeft UIInterfaceOrientationLandscapeRight";
				INFOPLIST_KEY_UISupportedInterfaceOrientations_iPhone = "UIInterfaceOrientationPortrait UIInterfaceOrientationLandscapeLeft UIInterfaceOrientationLandscapeRight";
				LD_RUNPATH_SEARCH_PATHS = (
					"$(inherited)",
					"@executable_path/Frameworks",
				);
				MARKETING_VERSION = 1.0;
				PRODUCT_BUNDLE_IDENTIFIER = "com.cc.grocer-store";
				PRODUCT_NAME = "$(TARGET_NAME)";
				SWIFT_EMIT_LOC_STRINGS = YES;
				SWIFT_VERSION = 5.0;
				TARGETED_DEVICE_FAMILY = "1,2";
			};
			name = Release;
		};
		CE7D33F2299A5BCB003158E6 /* Debug */ = {
			isa = XCBuildConfiguration;
			buildSettings = {
				ALWAYS_EMBED_SWIFT_STANDARD_LIBRARIES = YES;
				BUNDLE_LOADER = "$(TEST_HOST)";
				CODE_SIGN_STYLE = Automatic;
				CURRENT_PROJECT_VERSION = 1;
				DEVELOPMENT_TEAM = 6V3BUVKJ5R;
				GENERATE_INFOPLIST_FILE = YES;
				IPHONEOS_DEPLOYMENT_TARGET = 16.1;
				MARKETING_VERSION = 1.0;
				PRODUCT_BUNDLE_IDENTIFIER = "com.cc.grocer-storeTests";
				PRODUCT_NAME = "$(TARGET_NAME)";
				SWIFT_EMIT_LOC_STRINGS = NO;
				SWIFT_VERSION = 5.0;
				TARGETED_DEVICE_FAMILY = "1,2";
				TEST_HOST = "$(BUILT_PRODUCTS_DIR)/grocer_store.app/$(BUNDLE_EXECUTABLE_FOLDER_PATH)/grocer_store";
			};
			name = Debug;
		};
		CE7D33F3299A5BCB003158E6 /* Release */ = {
			isa = XCBuildConfiguration;
			buildSettings = {
				ALWAYS_EMBED_SWIFT_STANDARD_LIBRARIES = YES;
				BUNDLE_LOADER = "$(TEST_HOST)";
				CODE_SIGN_STYLE = Automatic;
				CURRENT_PROJECT_VERSION = 1;
				DEVELOPMENT_TEAM = 6V3BUVKJ5R;
				GENERATE_INFOPLIST_FILE = YES;
				IPHONEOS_DEPLOYMENT_TARGET = 16.1;
				MARKETING_VERSION = 1.0;
				PRODUCT_BUNDLE_IDENTIFIER = "com.cc.grocer-storeTests";
				PRODUCT_NAME = "$(TARGET_NAME)";
				SWIFT_EMIT_LOC_STRINGS = NO;
				SWIFT_VERSION = 5.0;
				TARGETED_DEVICE_FAMILY = "1,2";
				TEST_HOST = "$(BUILT_PRODUCTS_DIR)/grocer_store.app/$(BUNDLE_EXECUTABLE_FOLDER_PATH)/grocer_store";
			};
			name = Release;
		};
		CE7D33F5299A5BCB003158E6 /* Debug */ = {
			isa = XCBuildConfiguration;
			buildSettings = {
				ALWAYS_EMBED_SWIFT_STANDARD_LIBRARIES = YES;
				CODE_SIGN_STYLE = Automatic;
				CURRENT_PROJECT_VERSION = 1;
				DEVELOPMENT_TEAM = 6V3BUVKJ5R;
				GENERATE_INFOPLIST_FILE = YES;
				MARKETING_VERSION = 1.0;
				PRODUCT_BUNDLE_IDENTIFIER = "com.cc.grocer-storeUITests";
				PRODUCT_NAME = "$(TARGET_NAME)";
				SWIFT_EMIT_LOC_STRINGS = NO;
				SWIFT_VERSION = 5.0;
				TARGETED_DEVICE_FAMILY = "1,2";
				TEST_TARGET_NAME = grocer_store;
			};
			name = Debug;
		};
		CE7D33F6299A5BCB003158E6 /* Release */ = {
			isa = XCBuildConfiguration;
			buildSettings = {
				ALWAYS_EMBED_SWIFT_STANDARD_LIBRARIES = YES;
				CODE_SIGN_STYLE = Automatic;
				CURRENT_PROJECT_VERSION = 1;
				DEVELOPMENT_TEAM = 6V3BUVKJ5R;
				GENERATE_INFOPLIST_FILE = YES;
				MARKETING_VERSION = 1.0;
				PRODUCT_BUNDLE_IDENTIFIER = "com.cc.grocer-storeUITests";
				PRODUCT_NAME = "$(TARGET_NAME)";
				SWIFT_EMIT_LOC_STRINGS = NO;
				SWIFT_VERSION = 5.0;
				TARGETED_DEVICE_FAMILY = "1,2";
				TEST_TARGET_NAME = grocer_store;
			};
			name = Release;
		};
/* End XCBuildConfiguration section */

/* Begin XCConfigurationList section */
		CE7D33BF299A5BC9003158E6 /* Build configuration list for PBXProject "grocer_store" */ = {
			isa = XCConfigurationList;
			buildConfigurations = (
				CE7D33EC299A5BCB003158E6 /* Debug */,
				CE7D33ED299A5BCB003158E6 /* Release */,
			);
			defaultConfigurationIsVisible = 0;
			defaultConfigurationName = Release;
		};
		CE7D33EE299A5BCB003158E6 /* Build configuration list for PBXNativeTarget "grocer_store" */ = {
			isa = XCConfigurationList;
			buildConfigurations = (
				CE7D33EF299A5BCB003158E6 /* Debug */,
				CE7D33F0299A5BCB003158E6 /* Release */,
			);
			defaultConfigurationIsVisible = 0;
			defaultConfigurationName = Release;
		};
		CE7D33F1299A5BCB003158E6 /* Build configuration list for PBXNativeTarget "grocer_storeTests" */ = {
			isa = XCConfigurationList;
			buildConfigurations = (
				CE7D33F2299A5BCB003158E6 /* Debug */,
				CE7D33F3299A5BCB003158E6 /* Release */,
			);
			defaultConfigurationIsVisible = 0;
			defaultConfigurationName = Release;
		};
		CE7D33F4299A5BCB003158E6 /* Build configuration list for PBXNativeTarget "grocer_storeUITests" */ = {
			isa = XCConfigurationList;
			buildConfigurations = (
				CE7D33F5299A5BCB003158E6 /* Debug */,
				CE7D33F6299A5BCB003158E6 /* Release */,
			);
			defaultConfigurationIsVisible = 0;
			defaultConfigurationName = Release;
		};
/* End XCConfigurationList section */
	};
	rootObject = CE7D33BC299A5BC9003158E6 /* Project object */;
}
